{
    "version": 3,
    "terraform_version": "0.11.0",
    "serial": 122,
    "lineage": "03dabf79-9f6b-4003-8648-a57d14804def",
    "modules": [
        {
            "path": [
                "root"
            ],
            "outputs": {
                "ami_id": {
                    "sensitive": false,
                    "type": "string",
                    "value": "ami-0f92aff469dc4b916"
                },
                "backend_alb_dns_name": {
                    "sensitive": false,
                    "type": "string",
                    "value": "companyNews-BACKEND-ALB-386683916.ap-southeast-2.elb.amazonaws.com"
                },
                "backend_alb_zone_id": {
                    "sensitive": false,
                    "type": "string",
                    "value": "Z1GM3OXH4ZPM65"
                },
                "frontend_alb_dns_name": {
                    "sensitive": false,
                    "type": "string",
                    "value": "companyNews-FRONTEND-ALB-908287408.ap-southeast-2.elb.amazonaws.com"
                },
                "frontend_alb_zone_id": {
                    "sensitive": false,
                    "type": "string",
                    "value": "Z1GM3OXH4ZPM65"
                }
            },
            "resources": {
                "aws_alb.backend_main": {
                    "type": "aws_alb",
                    "depends_on": [
                        "module.backend_alb_sg",
                        "module.vpc"
                    ],
                    "primary": {
                        "id": "arn:aws:elasticloadbalancing:ap-southeast-2:823861797682:loadbalancer/app/companyNews-BACKEND-ALB/bbd2435983d2b465",
                        "attributes": {
                            "access_logs.#": "1",
                            "access_logs.0.bucket": "",
                            "access_logs.0.enabled": "false",
                            "access_logs.0.prefix": "",
                            "arn": "arn:aws:elasticloadbalancing:ap-southeast-2:823861797682:loadbalancer/app/companyNews-BACKEND-ALB/bbd2435983d2b465",
                            "arn_suffix": "app/companyNews-BACKEND-ALB/bbd2435983d2b465",
                            "dns_name": "companyNews-BACKEND-ALB-386683916.ap-southeast-2.elb.amazonaws.com",
                            "drop_invalid_header_fields": "false",
                            "enable_deletion_protection": "false",
                            "enable_http2": "true",
                            "id": "arn:aws:elasticloadbalancing:ap-southeast-2:823861797682:loadbalancer/app/companyNews-BACKEND-ALB/bbd2435983d2b465",
                            "idle_timeout": "60",
                            "internal": "false",
                            "ip_address_type": "ipv4",
                            "load_balancer_type": "application",
                            "name": "companyNews-BACKEND-ALB",
                            "security_groups.#": "1",
                            "security_groups.4174941019": "sg-0c8c38c7308124903",
                            "subnet_mapping.#": "3",
                            "subnet_mapping.287506090.allocation_id": "",
                            "subnet_mapping.287506090.subnet_id": "subnet-07bded9a3b6dc0824",
                            "subnet_mapping.3140192566.allocation_id": "",
                            "subnet_mapping.3140192566.subnet_id": "subnet-070192fed09f34fbc",
                            "subnet_mapping.3634409529.allocation_id": "",
                            "subnet_mapping.3634409529.subnet_id": "subnet-095f0aaaa3a99d7b4",
                            "subnets.#": "3",
                            "subnets.2733740963": "subnet-095f0aaaa3a99d7b4",
                            "subnets.748652240": "subnet-07bded9a3b6dc0824",
                            "subnets.799294910": "subnet-070192fed09f34fbc",
                            "tags.%": "0",
                            "vpc_id": "vpc-014506b933b343a82",
                            "zone_id": "Z1GM3OXH4ZPM65"
                        },
                        "meta": {
                            "e2bfb730-ecaa-11e6-8f88-34363bc7c4c0": {
                                "create": 600000000000,
                                "delete": 600000000000,
                                "update": 600000000000
                            }
                        },
                        "tainted": false
                    },
                    "deposed": [],
                    "provider": "provider.aws"
                },
                "aws_alb.frontend_main": {
                    "type": "aws_alb",
                    "depends_on": [
                        "module.frontend_alb_sg",
                        "module.vpc"
                    ],
                    "primary": {
                        "id": "arn:aws:elasticloadbalancing:ap-southeast-2:823861797682:loadbalancer/app/companyNews-FRONTEND-ALB/bf512c99eac715cd",
                        "attributes": {
                            "access_logs.#": "1",
                            "access_logs.0.bucket": "",
                            "access_logs.0.enabled": "false",
                            "access_logs.0.prefix": "",
                            "arn": "arn:aws:elasticloadbalancing:ap-southeast-2:823861797682:loadbalancer/app/companyNews-FRONTEND-ALB/bf512c99eac715cd",
                            "arn_suffix": "app/companyNews-FRONTEND-ALB/bf512c99eac715cd",
                            "dns_name": "companyNews-FRONTEND-ALB-908287408.ap-southeast-2.elb.amazonaws.com",
                            "drop_invalid_header_fields": "false",
                            "enable_deletion_protection": "false",
                            "enable_http2": "true",
                            "id": "arn:aws:elasticloadbalancing:ap-southeast-2:823861797682:loadbalancer/app/companyNews-FRONTEND-ALB/bf512c99eac715cd",
                            "idle_timeout": "60",
                            "internal": "false",
                            "ip_address_type": "ipv4",
                            "load_balancer_type": "application",
                            "name": "companyNews-FRONTEND-ALB",
                            "security_groups.#": "1",
                            "security_groups.710522995": "sg-076d526e8bd6628f5",
                            "subnet_mapping.#": "3",
                            "subnet_mapping.287506090.allocation_id": "",
                            "subnet_mapping.287506090.subnet_id": "subnet-07bded9a3b6dc0824",
                            "subnet_mapping.3140192566.allocation_id": "",
                            "subnet_mapping.3140192566.subnet_id": "subnet-070192fed09f34fbc",
                            "subnet_mapping.3634409529.allocation_id": "",
                            "subnet_mapping.3634409529.subnet_id": "subnet-095f0aaaa3a99d7b4",
                            "subnets.#": "3",
                            "subnets.2733740963": "subnet-095f0aaaa3a99d7b4",
                            "subnets.748652240": "subnet-07bded9a3b6dc0824",
                            "subnets.799294910": "subnet-070192fed09f34fbc",
                            "tags.%": "0",
                            "vpc_id": "vpc-014506b933b343a82",
                            "zone_id": "Z1GM3OXH4ZPM65"
                        },
                        "meta": {
                            "e2bfb730-ecaa-11e6-8f88-34363bc7c4c0": {
                                "create": 600000000000,
                                "delete": 600000000000,
                                "update": 600000000000
                            }
                        },
                        "tainted": false
                    },
                    "deposed": [],
                    "provider": "provider.aws"
                },
                "aws_alb_listener.backend_http": {
                    "type": "aws_alb_listener",
                    "depends_on": [
                        "aws_alb.backend_main",
                        "aws_alb_target_group.backend"
                    ],
                    "primary": {
                        "id": "arn:aws:elasticloadbalancing:ap-southeast-2:823861797682:listener/app/companyNews-BACKEND-ALB/bbd2435983d2b465/8bcf9267c3dc335e",
                        "attributes": {
                            "arn": "arn:aws:elasticloadbalancing:ap-southeast-2:823861797682:listener/app/companyNews-BACKEND-ALB/bbd2435983d2b465/8bcf9267c3dc335e",
                            "default_action.#": "1",
                            "default_action.0.authenticate_cognito.#": "0",
                            "default_action.0.authenticate_oidc.#": "0",
                            "default_action.0.fixed_response.#": "0",
                            "default_action.0.forward.#": "0",
                            "default_action.0.order": "1",
                            "default_action.0.redirect.#": "0",
                            "default_action.0.target_group_arn": "arn:aws:elasticloadbalancing:ap-southeast-2:823861797682:targetgroup/companyNews-BACKEND-TG-HTTP/dda567d973250901",
                            "default_action.0.type": "forward",
                            "id": "arn:aws:elasticloadbalancing:ap-southeast-2:823861797682:listener/app/companyNews-BACKEND-ALB/bbd2435983d2b465/8bcf9267c3dc335e",
                            "load_balancer_arn": "arn:aws:elasticloadbalancing:ap-southeast-2:823861797682:loadbalancer/app/companyNews-BACKEND-ALB/bbd2435983d2b465",
                            "port": "80",
                            "protocol": "HTTP",
                            "ssl_policy": ""
                        },
                        "meta": {
                            "e2bfb730-ecaa-11e6-8f88-34363bc7c4c0": {
                                "read": 600000000000
                            }
                        },
                        "tainted": false
                    },
                    "deposed": [],
                    "provider": "provider.aws"
                },
                "aws_alb_listener.frontend_http": {
                    "type": "aws_alb_listener",
                    "depends_on": [
                        "aws_alb.frontend_main",
                        "aws_alb_target_group.frontend"
                    ],
                    "primary": {
                        "id": "arn:aws:elasticloadbalancing:ap-southeast-2:823861797682:listener/app/companyNews-FRONTEND-ALB/bf512c99eac715cd/3f8f92966eead367",
                        "attributes": {
                            "arn": "arn:aws:elasticloadbalancing:ap-southeast-2:823861797682:listener/app/companyNews-FRONTEND-ALB/bf512c99eac715cd/3f8f92966eead367",
                            "default_action.#": "1",
                            "default_action.0.authenticate_cognito.#": "0",
                            "default_action.0.authenticate_oidc.#": "0",
                            "default_action.0.fixed_response.#": "0",
                            "default_action.0.forward.#": "0",
                            "default_action.0.order": "1",
                            "default_action.0.redirect.#": "0",
                            "default_action.0.target_group_arn": "arn:aws:elasticloadbalancing:ap-southeast-2:823861797682:targetgroup/companyNews-FRONTEND-TG-HTTP/8eb18c8126cddf84",
                            "default_action.0.type": "forward",
                            "id": "arn:aws:elasticloadbalancing:ap-southeast-2:823861797682:listener/app/companyNews-FRONTEND-ALB/bf512c99eac715cd/3f8f92966eead367",
                            "load_balancer_arn": "arn:aws:elasticloadbalancing:ap-southeast-2:823861797682:loadbalancer/app/companyNews-FRONTEND-ALB/bf512c99eac715cd",
                            "port": "80",
                            "protocol": "HTTP",
                            "ssl_policy": ""
                        },
                        "meta": {
                            "e2bfb730-ecaa-11e6-8f88-34363bc7c4c0": {
                                "read": 600000000000
                            }
                        },
                        "tainted": false
                    },
                    "deposed": [],
                    "provider": "provider.aws"
                },
                "aws_alb_target_group.backend": {
                    "type": "aws_alb_target_group",
                    "depends_on": [
                        "module.vpc"
                    ],
                    "primary": {
                        "id": "arn:aws:elasticloadbalancing:ap-southeast-2:823861797682:targetgroup/companyNews-BACKEND-TG-HTTP/dda567d973250901",
                        "attributes": {
                            "arn": "arn:aws:elasticloadbalancing:ap-southeast-2:823861797682:targetgroup/companyNews-BACKEND-TG-HTTP/dda567d973250901",
                            "arn_suffix": "targetgroup/companyNews-BACKEND-TG-HTTP/dda567d973250901",
                            "deregistration_delay": "300",
                            "health_check.#": "1",
                            "health_check.0.enabled": "true",
                            "health_check.0.healthy_threshold": "3",
                            "health_check.0.interval": "30",
                            "health_check.0.matcher": "200,404",
                            "health_check.0.path": "/",
                            "health_check.0.port": "traffic-port",
                            "health_check.0.protocol": "HTTP",
                            "health_check.0.timeout": "5",
                            "health_check.0.unhealthy_threshold": "3",
                            "id": "arn:aws:elasticloadbalancing:ap-southeast-2:823861797682:targetgroup/companyNews-BACKEND-TG-HTTP/dda567d973250901",
                            "lambda_multi_value_headers_enabled": "false",
                            "load_balancing_algorithm_type": "round_robin",
                            "name": "companyNews-BACKEND-TG-HTTP",
                            "port": "8080",
                            "protocol": "HTTP",
                            "proxy_protocol_v2": "false",
                            "slow_start": "0",
                            "stickiness.#": "1",
                            "stickiness.0.cookie_duration": "86400",
                            "stickiness.0.enabled": "true",
                            "stickiness.0.type": "lb_cookie",
                            "tags.%": "0",
                            "target_type": "instance",
                            "vpc_id": "vpc-014506b933b343a82"
                        },
                        "meta": {},
                        "tainted": false
                    },
                    "deposed": [],
                    "provider": "provider.aws"
                },
                "aws_alb_target_group.frontend": {
                    "type": "aws_alb_target_group",
                    "depends_on": [
                        "module.vpc"
                    ],
                    "primary": {
                        "id": "arn:aws:elasticloadbalancing:ap-southeast-2:823861797682:targetgroup/companyNews-FRONTEND-TG-HTTP/8eb18c8126cddf84",
                        "attributes": {
                            "arn": "arn:aws:elasticloadbalancing:ap-southeast-2:823861797682:targetgroup/companyNews-FRONTEND-TG-HTTP/8eb18c8126cddf84",
                            "arn_suffix": "targetgroup/companyNews-FRONTEND-TG-HTTP/8eb18c8126cddf84",
                            "deregistration_delay": "300",
                            "health_check.#": "1",
                            "health_check.0.enabled": "true",
                            "health_check.0.healthy_threshold": "3",
                            "health_check.0.interval": "30",
                            "health_check.0.matcher": "200,404",
                            "health_check.0.path": "/",
                            "health_check.0.port": "traffic-port",
                            "health_check.0.protocol": "HTTP",
                            "health_check.0.timeout": "5",
                            "health_check.0.unhealthy_threshold": "3",
                            "id": "arn:aws:elasticloadbalancing:ap-southeast-2:823861797682:targetgroup/companyNews-FRONTEND-TG-HTTP/8eb18c8126cddf84",
                            "lambda_multi_value_headers_enabled": "false",
                            "load_balancing_algorithm_type": "round_robin",
                            "name": "companyNews-FRONTEND-TG-HTTP",
                            "port": "80",
                            "protocol": "HTTP",
                            "proxy_protocol_v2": "false",
                            "slow_start": "0",
                            "stickiness.#": "1",
                            "stickiness.0.cookie_duration": "86400",
                            "stickiness.0.enabled": "true",
                            "stickiness.0.type": "lb_cookie",
                            "tags.%": "0",
                            "target_type": "ip",
                            "vpc_id": "vpc-014506b933b343a82"
                        },
                        "meta": {},
                        "tainted": false
                    },
                    "deposed": [],
                    "provider": "provider.aws"
                },
                "aws_autoscaling_group.ecs_asg": {
                    "type": "aws_autoscaling_group",
                    "depends_on": [
                        "aws_launch_configuration.lc_ecs",
                        "module.vpc"
                    ],
                    "primary": {
                        "id": "companyNews-FRONTEND-ECS-ASG",
                        "attributes": {
                            "arn": "arn:aws:autoscaling:ap-southeast-2:823861797682:autoScalingGroup:4aa292fd-2d12-45a3-b16a-fe97ec2b37c1:autoScalingGroupName/companyNews-FRONTEND-ECS-ASG",
                            "availability_zones.#": "3",
                            "availability_zones.1436938394": "ap-southeast-2c",
                            "availability_zones.3148583350": "ap-southeast-2a",
                            "availability_zones.581091340": "ap-southeast-2b",
                            "default_cooldown": "300",
                            "desired_capacity": "2",
                            "enabled_metrics.#": "0",
                            "force_delete": "true",
                            "health_check_grace_period": "300",
                            "health_check_type": "ELB",
                            "id": "companyNews-FRONTEND-ECS-ASG",
                            "launch_configuration": "lc_ecs",
                            "launch_template.#": "0",
                            "load_balancers.#": "0",
                            "max_instance_lifetime": "0",
                            "max_size": "2",
                            "metrics_granularity": "1Minute",
                            "min_size": "1",
                            "mixed_instances_policy.#": "0",
                            "name": "companyNews-FRONTEND-ECS-ASG",
                            "placement_group": "",
                            "protect_from_scale_in": "false",
                            "service_linked_role_arn": "arn:aws:iam::823861797682:role/aws-service-role/autoscaling.amazonaws.com/AWSServiceRoleForAutoScaling",
                            "suspended_processes.#": "0",
                            "tag.#": "1",
                            "tag.4233698816.key": "environment",
                            "tag.4233698816.propagate_at_launch": "true",
                            "tag.4233698816.value": "frontend",
                            "target_group_arns.#": "0",
                            "termination_policies.#": "0",
                            "vpc_zone_identifier.#": "3",
                            "vpc_zone_identifier.1427722845": "subnet-02f09987218d97e90",
                            "vpc_zone_identifier.2097515992": "subnet-02d6a48ce7acf6c3f",
                            "vpc_zone_identifier.3472566281": "subnet-04fb3173d46dc58ee",
                            "wait_for_capacity_timeout": "0"
                        },
                        "meta": {
                            "e2bfb730-ecaa-11e6-8f88-34363bc7c4c0": {
                                "delete": 180000000000
                            }
                        },
                        "tainted": false
                    },
                    "deposed": [],
                    "provider": "provider.aws"
                },
                "aws_cloudformation_stack.autoscaling_group": {
                    "type": "aws_cloudformation_stack",
                    "depends_on": [
                        "aws_alb_target_group.backend",
                        "aws_launch_configuration.lc_blue",
                        "data.aws_availability_zones.available",
                        "module.vpc"
                    ],
                    "primary": {
                        "id": "arn:aws:cloudformation:ap-southeast-2:823861797682:stack/companyNews/88725ed0-b5bb-11ea-b488-0a2f9ebec938",
                        "attributes": {
                            "disable_rollback": "false",
                            "iam_role_arn": "",
                            "id": "arn:aws:cloudformation:ap-southeast-2:823861797682:stack/companyNews/88725ed0-b5bb-11ea-b488-0a2f9ebec938",
                            "name": "companyNews",
                            "outputs.%": "0",
                            "parameters.%": "0",
                            "tags.%": "0",
                            "template_body": "Description: \"description\"\nResources:\n  ASG:\n    Type: AWS::AutoScaling::AutoScalingGroup\n    Properties:\n      VPCZoneIdentifier: [\"subnet-04fb3173d46dc58ee\",\"subnet-02d6a48ce7acf6c3f\",\"subnet-02f09987218d97e90\"]\n      AvailabilityZones: [\"ap-southeast-2a\",\"ap-southeast-2b\",\"ap-southeast-2c\"]\n      LaunchConfigurationName: \"lc_blue\"\n      MinSize: \"1\"\n      MaxSize: \"2\"\n      DesiredCapacity: \"1\"\n      HealthCheckType: EC2\n      Tags:\n        - Key: environment\n          Value: backend\n          PropagateAtLaunch: true\n      TargetGroupARNs: \n        - arn:aws:elasticloadbalancing:ap-southeast-2:823861797682:targetgroup/companyNews-BACKEND-TG-HTTP/dda567d973250901\n    UpdatePolicy:\n      AutoScalingScheduledAction:\n        IgnoreUnmodifiedGroupSizeProperties: 'true'\n      AutoScalingRollingUpdate:\n        MinInstancesInService: '2'\n        MaxBatchSize: '1'\n        WaitOnResourceSignals: 'false'\n        PauseTime: PT1M\n"
                        },
                        "meta": {
                            "e2bfb730-ecaa-11e6-8f88-34363bc7c4c0": {
                                "create": 1800000000000,
                                "delete": 1800000000000,
                                "update": 1800000000000
                            }
                        },
                        "tainted": false
                    },
                    "deposed": [],
                    "provider": "provider.aws"
                },
                "aws_ecs_cluster.main": {
                    "type": "aws_ecs_cluster",
                    "depends_on": [],
                    "primary": {
                        "id": "arn:aws:ecs:ap-southeast-2:823861797682:cluster/companyNews",
                        "attributes": {
                            "arn": "arn:aws:ecs:ap-southeast-2:823861797682:cluster/companyNews",
                            "capacity_providers.#": "0",
                            "default_capacity_provider_strategy.#": "0",
                            "id": "arn:aws:ecs:ap-southeast-2:823861797682:cluster/companyNews",
                            "name": "companyNews",
                            "setting.#": "1",
                            "setting.1157067080.name": "containerInsights",
                            "setting.1157067080.value": "disabled",
                            "tags.%": "0"
                        },
                        "meta": {},
                        "tainted": false
                    },
                    "deposed": [],
                    "provider": "provider.aws"
                },
                "aws_ecs_service.companynews": {
                    "type": "aws_ecs_service",
                    "depends_on": [
                        "aws_alb_target_group.frontend",
                        "aws_ecs_cluster.main",
                        "aws_ecs_task_definition.companynews",
                        "aws_security_group.ecs_service_companynews",
                        "aws_service_discovery_service.companynews",
                        "local.app_name",
                        "module.vpc"
                    ],
                    "primary": {
                        "id": "arn:aws:ecs:ap-southeast-2:823861797682:service/companynews",
                        "attributes": {
                            "capacity_provider_strategy.#": "0",
                            "cluster": "arn:aws:ecs:ap-southeast-2:823861797682:cluster/companyNews",
                            "deployment_controller.#": "1",
                            "deployment_controller.0.type": "ECS",
                            "deployment_maximum_percent": "100",
                            "deployment_minimum_healthy_percent": "0",
                            "desired_count": "2",
                            "enable_ecs_managed_tags": "false",
                            "health_check_grace_period_seconds": "0",
                            "iam_role": "aws-service-role",
                            "id": "arn:aws:ecs:ap-southeast-2:823861797682:service/companynews",
                            "launch_type": "EC2",
                            "load_balancer.#": "1",
                            "load_balancer.809933651.container_name": "companynews",
                            "load_balancer.809933651.container_port": "80",
                            "load_balancer.809933651.elb_name": "",
                            "load_balancer.809933651.target_group_arn": "arn:aws:elasticloadbalancing:ap-southeast-2:823861797682:targetgroup/companyNews-FRONTEND-TG-HTTP/8eb18c8126cddf84",
                            "name": "companynews",
                            "network_configuration.#": "1",
                            "network_configuration.0.assign_public_ip": "false",
                            "network_configuration.0.security_groups.#": "1",
                            "network_configuration.0.security_groups.4146891227": "sg-0111b8451e5231196",
                            "network_configuration.0.subnets.#": "3",
                            "network_configuration.0.subnets.1427722845": "subnet-02f09987218d97e90",
                            "network_configuration.0.subnets.2097515992": "subnet-02d6a48ce7acf6c3f",
                            "network_configuration.0.subnets.3472566281": "subnet-04fb3173d46dc58ee",
                            "ordered_placement_strategy.#": "0",
                            "placement_constraints.#": "0",
                            "placement_strategy.#": "0",
                            "platform_version": "",
                            "propagate_tags": "NONE",
                            "scheduling_strategy": "DAEMON",
                            "service_registries.#": "1",
                            "service_registries.0.container_name": "companynews",
                            "service_registries.0.container_port": "0",
                            "service_registries.0.port": "0",
                            "service_registries.0.registry_arn": "arn:aws:servicediscovery:ap-southeast-2:823861797682:service/srv-onbw5mtjpvid4wes",
                            "tags.%": "0",
                            "task_definition": "arn:aws:ecs:ap-southeast-2:823861797682:task-definition/companynews:18"
                        },
                        "meta": {},
                        "tainted": false
                    },
                    "deposed": [],
                    "provider": "provider.aws"
                },
                "aws_ecs_task_definition.companynews": {
                    "type": "aws_ecs_task_definition",
                    "depends_on": [
                        "aws_alb.backend_main",
                        "data.aws_caller_identity.current",
                        "data.aws_ecr_image.front_latest",
                        "local.app_name",
                        "local.port_http"
                    ],
                    "primary": {
                        "id": "companynews",
                        "attributes": {
                            "arn": "arn:aws:ecs:ap-southeast-2:823861797682:task-definition/companynews:18",
                            "container_definitions": "[{\"cpu\":0,\"environment\":[{\"name\":\"REACT_APP_BACKEND_URL\",\"value\":\"companyNews-BACKEND-ALB-386683916.ap-southeast-2.elb.amazonaws.com\"}],\"essential\":true,\"image\":\"823861797682.dkr.ecr.ap-southeast-2.amazonaws.com/frontend@sha256:9ad158f7d18e838d5dd6b37b490ddf19800e84bd8846b984d99a9209067d8ffc\",\"memoryReservation\":64,\"mountPoints\":[],\"name\":\"companynews\",\"portMappings\":[{\"containerPort\":80,\"hostPort\":80,\"protocol\":\"tcp\"}],\"volumesFrom\":[]}]",
                            "cpu": "",
                            "execution_role_arn": "",
                            "family": "companynews",
                            "id": "companynews",
                            "inference_accelerator.#": "0",
                            "ipc_mode": "",
                            "memory": "",
                            "network_mode": "awsvpc",
                            "pid_mode": "",
                            "placement_constraints.#": "0",
                            "proxy_configuration.#": "0",
                            "requires_compatibilities.#": "0",
                            "revision": "18",
                            "tags.%": "0",
                            "task_role_arn": "",
                            "volume.#": "0"
                        },
                        "meta": {
                            "schema_version": "1"
                        },
                        "tainted": false
                    },
                    "deposed": [],
                    "provider": "provider.aws"
                },
                "aws_instance.bastion": {
                    "type": "aws_instance",
                    "depends_on": [
                        "aws_security_group.bastion",
                        "data.aws_ami.ubuntu",
                        "data.template_file.bastion_user_data",
                        "module.vpc"
                    ],
                    "primary": {
                        "id": "i-02b9c666c9ab4549d",
                        "attributes": {
                            "ami": "ami-0caee806a0c3782c4",
                            "arn": "arn:aws:ec2:ap-southeast-2:823861797682:instance/i-02b9c666c9ab4549d",
                            "associate_public_ip_address": "true",
                            "availability_zone": "ap-southeast-2a",
                            "cpu_core_count": "1",
                            "cpu_threads_per_core": "1",
                            "credit_specification.#": "1",
                            "credit_specification.0.cpu_credits": "standard",
                            "disable_api_termination": "false",
                            "ebs_block_device.#": "0",
                            "ebs_optimized": "false",
                            "ephemeral_block_device.#": "0",
                            "get_password_data": "false",
                            "hibernation": "false",
                            "iam_instance_profile": "",
                            "id": "i-02b9c666c9ab4549d",
                            "instance_state": "running",
                            "instance_type": "t2.micro",
                            "ipv6_address_count": "0",
                            "ipv6_addresses.#": "0",
                            "key_name": "phil-macbook",
                            "metadata_options.#": "1",
                            "metadata_options.0.http_endpoint": "enabled",
                            "metadata_options.0.http_put_response_hop_limit": "1",
                            "metadata_options.0.http_tokens": "optional",
                            "monitoring": "false",
                            "network_interface.#": "0",
                            "outpost_arn": "",
                            "password_data": "",
                            "placement_group": "",
                            "primary_network_interface_id": "eni-0676e010ca6f4addd",
                            "private_dns": "ip-10-0-101-214.ap-southeast-2.compute.internal",
                            "private_ip": "10.0.101.214",
                            "public_dns": "ec2-52-62-136-93.ap-southeast-2.compute.amazonaws.com",
                            "public_ip": "52.62.136.93",
                            "root_block_device.#": "1",
                            "root_block_device.0.delete_on_termination": "true",
                            "root_block_device.0.device_name": "/dev/sda1",
                            "root_block_device.0.encrypted": "false",
                            "root_block_device.0.iops": "100",
                            "root_block_device.0.kms_key_id": "",
                            "root_block_device.0.volume_id": "vol-070d1fccd5dd02606",
                            "root_block_device.0.volume_size": "8",
                            "root_block_device.0.volume_type": "gp2",
                            "security_groups.#": "0",
                            "source_dest_check": "true",
                            "subnet_id": "subnet-070192fed09f34fbc",
                            "tags.%": "1",
                            "tags.Name": "Bastion",
                            "tenancy": "default",
                            "user_data": "eed717fcb30cd17c0add5d547074d8082dff0b5f",
                            "volume_tags.%": "0",
                            "vpc_security_group_ids.#": "1",
                            "vpc_security_group_ids.1762916608": "sg-007af5fbd810e53df"
                        },
                        "meta": {
                            "e2bfb730-ecaa-11e6-8f88-34363bc7c4c0": {
                                "create": 600000000000,
                                "delete": 1200000000000,
                                "update": 600000000000
                            },
                            "schema_version": "1"
                        },
                        "tainted": false
                    },
                    "deposed": [],
                    "provider": "provider.aws"
                },
                "aws_launch_configuration.lc_blue": {
                    "type": "aws_launch_configuration",
                    "depends_on": [
                        "aws_security_group.all_from_bastion",
                        "aws_security_group.asg_sg",
                        "data.aws_ami.tomcat_ami",
                        "data.template_file.asg_user_data"
                    ],
                    "primary": {
                        "id": "lc_blue",
                        "attributes": {
                            "arn": "arn:aws:autoscaling:ap-southeast-2:823861797682:launchConfiguration:9f15be2c-9219-4022-87d4-1debd4f2ee85:launchConfigurationName/lc_blue",
                            "associate_public_ip_address": "false",
                            "ebs_block_device.#": "0",
                            "ebs_optimized": "false",
                            "enable_monitoring": "true",
                            "ephemeral_block_device.#": "0",
                            "iam_instance_profile": "",
                            "id": "lc_blue",
                            "image_id": "ami-041c8720ccb568df7",
                            "instance_type": "t2.micro",
                            "key_name": "phil-macbook",
                            "name": "lc_blue",
                            "root_block_device.#": "0",
                            "security_groups.#": "2",
                            "security_groups.3527253658": "sg-0c24db6a991043970",
                            "security_groups.4288481961": "sg-0e30636e34d435b21",
                            "spot_price": "",
                            "user_data": "21334cef3ecb1f7c55078fa96f2ae264c770bb3c",
                            "vpc_classic_link_id": "",
                            "vpc_classic_link_security_groups.#": "0"
                        },
                        "meta": {},
                        "tainted": false
                    },
                    "deposed": [],
                    "provider": "provider.aws"
                },
                "aws_launch_configuration.lc_ecs": {
                    "type": "aws_launch_configuration",
                    "depends_on": [
                        "aws_security_group.all_from_bastion",
                        "aws_security_group.ecs_sg",
                        "data.aws_ami.ecs",
                        "data.template_file.ecs_user_data",
                        "module.ecs_cluster_iam"
                    ],
                    "primary": {
                        "id": "lc_ecs",
                        "attributes": {
                            "arn": "arn:aws:autoscaling:ap-southeast-2:823861797682:launchConfiguration:3ada7039-ffe2-43cc-9e4e-653d18917905:launchConfigurationName/lc_ecs",
                            "associate_public_ip_address": "false",
                            "ebs_block_device.#": "0",
                            "ebs_optimized": "false",
                            "enable_monitoring": "true",
                            "ephemeral_block_device.#": "0",
                            "iam_instance_profile": "ecs-container-instance-profile",
                            "id": "lc_ecs",
                            "image_id": "ami-0f92aff469dc4b916",
                            "instance_type": "t2.micro",
                            "key_name": "phil-macbook",
                            "name": "lc_ecs",
                            "root_block_device.#": "0",
                            "security_groups.#": "2",
                            "security_groups.1061333658": "sg-01c919a3e22efa8e3",
                            "security_groups.3527253658": "sg-0c24db6a991043970",
                            "spot_price": "",
                            "user_data": "a8592af5a40e07ef148cff4ee30171be90c62e1b",
                            "vpc_classic_link_id": "",
                            "vpc_classic_link_security_groups.#": "0"
                        },
                        "meta": {},
                        "tainted": false
                    },
                    "deposed": [],
                    "provider": "provider.aws"
                },
                "aws_launch_configuration.lc_new": {
                    "type": "aws_launch_configuration",
                    "depends_on": [
                        "aws_security_group.all_from_bastion",
                        "aws_security_group.asg_sg",
                        "data.aws_ami.tomcat_ami",
                        "data.template_file.asg_user_data"
                    ],
                    "primary": {
                        "id": "lc_new",
                        "attributes": {
                            "arn": "arn:aws:autoscaling:ap-southeast-2:823861797682:launchConfiguration:c17e38b4-2db1-434f-b5d2-b7145d98a8cc:launchConfigurationName/lc_new",
                            "associate_public_ip_address": "false",
                            "ebs_block_device.#": "0",
                            "ebs_optimized": "false",
                            "enable_monitoring": "true",
                            "ephemeral_block_device.#": "0",
                            "iam_instance_profile": "",
                            "id": "lc_new",
                            "image_id": "ami-041c8720ccb568df7",
                            "instance_type": "t2.micro",
                            "key_name": "phil-macbook",
                            "name": "lc_new",
                            "root_block_device.#": "0",
                            "security_groups.#": "2",
                            "security_groups.3527253658": "sg-0c24db6a991043970",
                            "security_groups.4288481961": "sg-0e30636e34d435b21",
                            "spot_price": "",
                            "user_data": "21334cef3ecb1f7c55078fa96f2ae264c770bb3c",
                            "vpc_classic_link_id": "",
                            "vpc_classic_link_security_groups.#": "0"
                        },
                        "meta": {},
                        "tainted": false
                    },
                    "deposed": [],
                    "provider": "provider.aws"
                },
                "aws_security_group.all_from_bastion": {
                    "type": "aws_security_group",
                    "depends_on": [
                        "aws_security_group.bastion",
                        "module.vpc"
                    ],
                    "primary": {
                        "id": "sg-0c24db6a991043970",
                        "attributes": {
                            "arn": "arn:aws:ec2:ap-southeast-2:823861797682:security-group/sg-0c24db6a991043970",
                            "description": "Managed by Terraform",
                            "egress.#": "0",
                            "id": "sg-0c24db6a991043970",
                            "ingress.#": "1",
                            "ingress.1328794883.cidr_blocks.#": "0",
                            "ingress.1328794883.description": "all from bastion",
                            "ingress.1328794883.from_port": "0",
                            "ingress.1328794883.ipv6_cidr_blocks.#": "0",
                            "ingress.1328794883.prefix_list_ids.#": "0",
                            "ingress.1328794883.protocol": "-1",
                            "ingress.1328794883.security_groups.#": "1",
                            "ingress.1328794883.security_groups.1762916608": "sg-007af5fbd810e53df",
                            "ingress.1328794883.self": "false",
                            "ingress.1328794883.to_port": "0",
                            "name": "companyNews-From-Bastion-SG",
                            "owner_id": "823861797682",
                            "revoke_rules_on_delete": "false",
                            "tags.%": "0",
                            "vpc_id": "vpc-014506b933b343a82"
                        },
                        "meta": {
                            "e2bfb730-ecaa-11e6-8f88-34363bc7c4c0": {
                                "create": 600000000000,
                                "delete": 600000000000
                            },
                            "schema_version": "1"
                        },
                        "tainted": false
                    },
                    "deposed": [],
                    "provider": "provider.aws"
                },
                "aws_security_group.asg_sg": {
                    "type": "aws_security_group",
                    "depends_on": [
                        "module.backend_alb_sg",
                        "module.vpc"
                    ],
                    "primary": {
                        "id": "sg-0e30636e34d435b21",
                        "attributes": {
                            "arn": "arn:aws:ec2:ap-southeast-2:823861797682:security-group/sg-0e30636e34d435b21",
                            "description": "Managed by Terraform",
                            "egress.#": "1",
                            "egress.2442053491.cidr_blocks.#": "1",
                            "egress.2442053491.cidr_blocks.0": "0.0.0.0/0",
                            "egress.2442053491.description": "all outbound",
                            "egress.2442053491.from_port": "0",
                            "egress.2442053491.ipv6_cidr_blocks.#": "0",
                            "egress.2442053491.prefix_list_ids.#": "0",
                            "egress.2442053491.protocol": "-1",
                            "egress.2442053491.security_groups.#": "0",
                            "egress.2442053491.self": "false",
                            "egress.2442053491.to_port": "0",
                            "id": "sg-0e30636e34d435b21",
                            "ingress.#": "1",
                            "ingress.1452409937.cidr_blocks.#": "0",
                            "ingress.1452409937.description": "all from self + alb",
                            "ingress.1452409937.from_port": "0",
                            "ingress.1452409937.ipv6_cidr_blocks.#": "0",
                            "ingress.1452409937.prefix_list_ids.#": "0",
                            "ingress.1452409937.protocol": "-1",
                            "ingress.1452409937.security_groups.#": "1",
                            "ingress.1452409937.security_groups.4174941019": "sg-0c8c38c7308124903",
                            "ingress.1452409937.self": "true",
                            "ingress.1452409937.to_port": "0",
                            "name": "companyNews-ASG-SG",
                            "owner_id": "823861797682",
                            "revoke_rules_on_delete": "false",
                            "tags.%": "1",
                            "tags.Name": "companyNews-ASG-SG",
                            "vpc_id": "vpc-014506b933b343a82"
                        },
                        "meta": {
                            "e2bfb730-ecaa-11e6-8f88-34363bc7c4c0": {
                                "create": 600000000000,
                                "delete": 600000000000
                            },
                            "schema_version": "1"
                        },
                        "tainted": false
                    },
                    "deposed": [],
                    "provider": "provider.aws"
                },
                "aws_security_group.bastion": {
                    "type": "aws_security_group",
                    "depends_on": [
                        "module.vpc"
                    ],
                    "primary": {
                        "id": "sg-007af5fbd810e53df",
                        "attributes": {
                            "arn": "arn:aws:ec2:ap-southeast-2:823861797682:security-group/sg-007af5fbd810e53df",
                            "description": "Managed by Terraform",
                            "egress.#": "1",
                            "egress.2442053491.cidr_blocks.#": "1",
                            "egress.2442053491.cidr_blocks.0": "0.0.0.0/0",
                            "egress.2442053491.description": "all outbound",
                            "egress.2442053491.from_port": "0",
                            "egress.2442053491.ipv6_cidr_blocks.#": "0",
                            "egress.2442053491.prefix_list_ids.#": "0",
                            "egress.2442053491.protocol": "-1",
                            "egress.2442053491.security_groups.#": "0",
                            "egress.2442053491.self": "false",
                            "egress.2442053491.to_port": "0",
                            "id": "sg-007af5fbd810e53df",
                            "ingress.#": "1",
                            "ingress.1332985769.cidr_blocks.#": "1",
                            "ingress.1332985769.cidr_blocks.0": "0.0.0.0/0",
                            "ingress.1332985769.description": "ssh",
                            "ingress.1332985769.from_port": "22",
                            "ingress.1332985769.ipv6_cidr_blocks.#": "0",
                            "ingress.1332985769.prefix_list_ids.#": "0",
                            "ingress.1332985769.protocol": "tcp",
                            "ingress.1332985769.security_groups.#": "0",
                            "ingress.1332985769.self": "false",
                            "ingress.1332985769.to_port": "22",
                            "name": "companyNews-Bastion-SG",
                            "owner_id": "823861797682",
                            "revoke_rules_on_delete": "false",
                            "tags.%": "1",
                            "tags.Name": "companyNews-Bastion-SG",
                            "vpc_id": "vpc-014506b933b343a82"
                        },
                        "meta": {
                            "e2bfb730-ecaa-11e6-8f88-34363bc7c4c0": {
                                "create": 600000000000,
                                "delete": 600000000000
                            },
                            "schema_version": "1"
                        },
                        "tainted": false
                    },
                    "deposed": [],
                    "provider": "provider.aws"
                },
                "aws_security_group.ecs_service_companynews": {
                    "type": "aws_security_group",
                    "depends_on": [
                        "aws_security_group.bastion",
                        "module.frontend_alb_sg",
                        "module.vpc"
                    ],
                    "primary": {
                        "id": "sg-0111b8451e5231196",
                        "attributes": {
                            "arn": "arn:aws:ec2:ap-southeast-2:823861797682:security-group/sg-0111b8451e5231196",
                            "description": "Managed by Terraform",
                            "egress.#": "1",
                            "egress.2442053491.cidr_blocks.#": "1",
                            "egress.2442053491.cidr_blocks.0": "0.0.0.0/0",
                            "egress.2442053491.description": "all outbound",
                            "egress.2442053491.from_port": "0",
                            "egress.2442053491.ipv6_cidr_blocks.#": "0",
                            "egress.2442053491.prefix_list_ids.#": "0",
                            "egress.2442053491.protocol": "-1",
                            "egress.2442053491.security_groups.#": "0",
                            "egress.2442053491.self": "false",
                            "egress.2442053491.to_port": "0",
                            "id": "sg-0111b8451e5231196",
                            "ingress.#": "1",
                            "ingress.73643310.cidr_blocks.#": "0",
                            "ingress.73643310.description": "all from bastion",
                            "ingress.73643310.from_port": "0",
                            "ingress.73643310.ipv6_cidr_blocks.#": "0",
                            "ingress.73643310.prefix_list_ids.#": "0",
                            "ingress.73643310.protocol": "-1",
                            "ingress.73643310.security_groups.#": "2",
                            "ingress.73643310.security_groups.1762916608": "sg-007af5fbd810e53df",
                            "ingress.73643310.security_groups.710522995": "sg-076d526e8bd6628f5",
                            "ingress.73643310.self": "false",
                            "ingress.73643310.to_port": "0",
                            "name": "companyNews-ECS-SG-companynews",
                            "owner_id": "823861797682",
                            "revoke_rules_on_delete": "false",
                            "tags.%": "1",
                            "tags.Name": "companyNews-ECS-SG-companynews",
                            "vpc_id": "vpc-014506b933b343a82"
                        },
                        "meta": {
                            "e2bfb730-ecaa-11e6-8f88-34363bc7c4c0": {
                                "create": 600000000000,
                                "delete": 600000000000
                            },
                            "schema_version": "1"
                        },
                        "tainted": false
                    },
                    "deposed": [],
                    "provider": "provider.aws"
                },
                "aws_security_group.ecs_sg": {
                    "type": "aws_security_group",
                    "depends_on": [
                        "module.frontend_alb_sg",
                        "module.vpc"
                    ],
                    "primary": {
                        "id": "sg-01c919a3e22efa8e3",
                        "attributes": {
                            "arn": "arn:aws:ec2:ap-southeast-2:823861797682:security-group/sg-01c919a3e22efa8e3",
                            "description": "Managed by Terraform",
                            "egress.#": "1",
                            "egress.2442053491.cidr_blocks.#": "1",
                            "egress.2442053491.cidr_blocks.0": "0.0.0.0/0",
                            "egress.2442053491.description": "all outbound",
                            "egress.2442053491.from_port": "0",
                            "egress.2442053491.ipv6_cidr_blocks.#": "0",
                            "egress.2442053491.prefix_list_ids.#": "0",
                            "egress.2442053491.protocol": "-1",
                            "egress.2442053491.security_groups.#": "0",
                            "egress.2442053491.self": "false",
                            "egress.2442053491.to_port": "0",
                            "id": "sg-01c919a3e22efa8e3",
                            "ingress.#": "1",
                            "ingress.3277416297.cidr_blocks.#": "0",
                            "ingress.3277416297.description": "all from self + alb",
                            "ingress.3277416297.from_port": "0",
                            "ingress.3277416297.ipv6_cidr_blocks.#": "0",
                            "ingress.3277416297.prefix_list_ids.#": "0",
                            "ingress.3277416297.protocol": "-1",
                            "ingress.3277416297.security_groups.#": "1",
                            "ingress.3277416297.security_groups.710522995": "sg-076d526e8bd6628f5",
                            "ingress.3277416297.self": "true",
                            "ingress.3277416297.to_port": "0",
                            "name": "companyNews-ECS-SG",
                            "owner_id": "823861797682",
                            "revoke_rules_on_delete": "false",
                            "tags.%": "1",
                            "tags.Name": "companyNews-ECS-SG",
                            "vpc_id": "vpc-014506b933b343a82"
                        },
                        "meta": {
                            "e2bfb730-ecaa-11e6-8f88-34363bc7c4c0": {
                                "create": 600000000000,
                                "delete": 600000000000
                            },
                            "schema_version": "1"
                        },
                        "tainted": false
                    },
                    "deposed": [],
                    "provider": "provider.aws"
                },
                "aws_service_discovery_private_dns_namespace.main": {
                    "type": "aws_service_discovery_private_dns_namespace",
                    "depends_on": [
                        "module.vpc"
                    ],
                    "primary": {
                        "id": "ns-mm4twmrjeatiegwg",
                        "attributes": {
                            "arn": "arn:aws:servicediscovery:ap-southeast-2:823861797682:namespace/ns-mm4twmrjeatiegwg",
                            "description": "",
                            "hosted_zone": "Z005413718YAE0HSHQVQ",
                            "id": "ns-mm4twmrjeatiegwg",
                            "name": "ecs.local",
                            "tags.%": "0",
                            "vpc": "vpc-014506b933b343a82"
                        },
                        "meta": {},
                        "tainted": false
                    },
                    "deposed": [],
                    "provider": "provider.aws"
                },
                "aws_service_discovery_service.companynews": {
                    "type": "aws_service_discovery_service",
                    "depends_on": [
                        "aws_service_discovery_private_dns_namespace.main"
                    ],
                    "primary": {
                        "id": "srv-onbw5mtjpvid4wes",
                        "attributes": {
                            "arn": "arn:aws:servicediscovery:ap-southeast-2:823861797682:service/srv-onbw5mtjpvid4wes",
                            "description": "",
                            "dns_config.#": "1",
                            "dns_config.0.dns_records.#": "1",
                            "dns_config.0.dns_records.0.ttl": "10",
                            "dns_config.0.dns_records.0.type": "A",
                            "dns_config.0.namespace_id": "ns-mm4twmrjeatiegwg",
                            "dns_config.0.routing_policy": "MULTIVALUE",
                            "health_check_config.#": "0",
                            "health_check_custom_config.#": "1",
                            "health_check_custom_config.0.failure_threshold": "1",
                            "id": "srv-onbw5mtjpvid4wes",
                            "name": "companynews",
                            "namespace_id": "ns-mm4twmrjeatiegwg",
                            "tags.%": "0"
                        },
                        "meta": {},
                        "tainted": false
                    },
                    "deposed": [],
                    "provider": "provider.aws"
                },
                "data.aws_ami.ecs": {
                    "type": "aws_ami",
                    "depends_on": [],
                    "primary": {
                        "id": "ami-0f92aff469dc4b916",
                        "attributes": {
                            "architecture": "x86_64",
                            "block_device_mappings.#": "2",
                            "block_device_mappings.2538004115.device_name": "/dev/xvdcz",
                            "block_device_mappings.2538004115.ebs.%": "6",
                            "block_device_mappings.2538004115.ebs.delete_on_termination": "true",
                            "block_device_mappings.2538004115.ebs.encrypted": "false",
                            "block_device_mappings.2538004115.ebs.iops": "0",
                            "block_device_mappings.2538004115.ebs.snapshot_id": "",
                            "block_device_mappings.2538004115.ebs.volume_size": "22",
                            "block_device_mappings.2538004115.ebs.volume_type": "gp2",
                            "block_device_mappings.2538004115.no_device": "",
                            "block_device_mappings.2538004115.virtual_name": "",
                            "block_device_mappings.340275815.device_name": "/dev/xvda",
                            "block_device_mappings.340275815.ebs.%": "6",
                            "block_device_mappings.340275815.ebs.delete_on_termination": "true",
                            "block_device_mappings.340275815.ebs.encrypted": "false",
                            "block_device_mappings.340275815.ebs.iops": "0",
                            "block_device_mappings.340275815.ebs.snapshot_id": "snap-02296d012e07ad35f",
                            "block_device_mappings.340275815.ebs.volume_size": "8",
                            "block_device_mappings.340275815.ebs.volume_type": "gp2",
                            "block_device_mappings.340275815.no_device": "",
                            "block_device_mappings.340275815.virtual_name": "",
                            "creation_date": "2020-06-04T00:10:18.000Z",
                            "description": "Amazon Linux AMI amzn-ami-2018.03.20200603 x86_64 ECS HVM GP2",
                            "filter.#": "2",
                            "filter.3350713981.name": "name",
                            "filter.3350713981.values.#": "1",
                            "filter.3350713981.values.0": "amzn-ami-*-amazon-ecs-optimized",
                            "filter.574890044.name": "owner-alias",
                            "filter.574890044.values.#": "1",
                            "filter.574890044.values.0": "amazon",
                            "hypervisor": "xen",
                            "id": "ami-0f92aff469dc4b916",
                            "image_id": "ami-0f92aff469dc4b916",
                            "image_location": "amazon/amzn-ami-2018.03.20200603-amazon-ecs-optimized",
                            "image_owner_alias": "amazon",
                            "image_type": "machine",
                            "most_recent": "true",
                            "name": "amzn-ami-2018.03.20200603-amazon-ecs-optimized",
                            "owner_id": "591542846629",
                            "owners.#": "1",
                            "owners.0": "amazon",
                            "product_codes.#": "0",
                            "public": "true",
                            "root_device_name": "/dev/xvda",
                            "root_device_type": "ebs",
                            "root_snapshot_id": "snap-02296d012e07ad35f",
                            "sriov_net_support": "simple",
                            "state": "available",
                            "state_reason.%": "2",
                            "state_reason.code": "UNSET",
                            "state_reason.message": "UNSET",
                            "tags.%": "0",
                            "virtualization_type": "hvm"
                        },
                        "meta": {},
                        "tainted": false
                    },
                    "deposed": [],
                    "provider": "provider.aws"
                },
                "data.aws_ami.springboot_ami": {
                    "type": "aws_ami",
                    "depends_on": [],
                    "primary": {
                        "id": "ami-0af18dba5e6fcaca2",
                        "attributes": {
                            "architecture": "x86_64",
                            "block_device_mappings.#": "1",
                            "block_device_mappings.1270490221.device_name": "/dev/sda1",
                            "block_device_mappings.1270490221.ebs.%": "6",
                            "block_device_mappings.1270490221.ebs.delete_on_termination": "false",
                            "block_device_mappings.1270490221.ebs.encrypted": "false",
                            "block_device_mappings.1270490221.ebs.iops": "0",
                            "block_device_mappings.1270490221.ebs.snapshot_id": "snap-070cf88a9500c6d6d",
                            "block_device_mappings.1270490221.ebs.volume_size": "8",
                            "block_device_mappings.1270490221.ebs.volume_type": "gp2",
                            "block_device_mappings.1270490221.no_device": "",
                            "block_device_mappings.1270490221.virtual_name": "",
                            "creation_date": "2020-06-20T12:24:32.000Z",
                            "filter.#": "1",
                            "filter.570833508.name": "name",
                            "filter.570833508.values.#": "1",
                            "filter.570833508.values.0": "springboot-ami",
                            "hypervisor": "xen",
                            "id": "ami-0af18dba5e6fcaca2",
                            "image_id": "ami-0af18dba5e6fcaca2",
                            "image_location": "823861797682/springboot-ami",
                            "image_type": "machine",
                            "most_recent": "true",
                            "name": "springboot-ami",
                            "owner_id": "823861797682",
                            "owners.#": "1",
                            "owners.0": "823861797682",
                            "product_codes.#": "1",
                            "product_codes.347650389.product_code_id": "aw0evgkw8e5c1q413zgy5pjce",
                            "product_codes.347650389.product_code_type": "marketplace",
                            "public": "false",
                            "root_device_name": "/dev/sda1",
                            "root_device_type": "ebs",
                            "root_snapshot_id": "snap-070cf88a9500c6d6d",
                            "sriov_net_support": "simple",
                            "state": "available",
                            "state_reason.%": "2",
                            "state_reason.code": "UNSET",
                            "state_reason.message": "UNSET",
                            "tags.%": "0",
                            "virtualization_type": "hvm"
                        },
                        "meta": {},
                        "tainted": false
                    },
                    "deposed": [],
                    "provider": "provider.aws"
                },
                "data.aws_ami.tomcat_ami": {
                    "type": "aws_ami",
                    "depends_on": [],
                    "primary": {
                        "id": "ami-041c8720ccb568df7",
                        "attributes": {
                            "architecture": "x86_64",
                            "block_device_mappings.#": "1",
                            "block_device_mappings.1270490221.device_name": "/dev/sda1",
                            "block_device_mappings.1270490221.ebs.%": "6",
                            "block_device_mappings.1270490221.ebs.delete_on_termination": "false",
                            "block_device_mappings.1270490221.ebs.encrypted": "false",
                            "block_device_mappings.1270490221.ebs.iops": "0",
                            "block_device_mappings.1270490221.ebs.snapshot_id": "snap-047e577260cfc9017",
                            "block_device_mappings.1270490221.ebs.volume_size": "8",
                            "block_device_mappings.1270490221.ebs.volume_type": "gp2",
                            "block_device_mappings.1270490221.no_device": "",
                            "block_device_mappings.1270490221.virtual_name": "",
                            "creation_date": "2020-06-24T01:16:47.000Z",
                            "filter.#": "1",
                            "filter.1574790195.name": "name",
                            "filter.1574790195.values.#": "1",
                            "filter.1574790195.values.0": "tomcat-ami",
                            "hypervisor": "xen",
                            "id": "ami-041c8720ccb568df7",
                            "image_id": "ami-041c8720ccb568df7",
                            "image_location": "823861797682/tomcat-ami",
                            "image_type": "machine",
                            "most_recent": "true",
                            "name": "tomcat-ami",
                            "owner_id": "823861797682",
                            "owners.#": "1",
                            "owners.0": "823861797682",
                            "product_codes.#": "1",
                            "product_codes.347650389.product_code_id": "aw0evgkw8e5c1q413zgy5pjce",
                            "product_codes.347650389.product_code_type": "marketplace",
                            "public": "false",
                            "root_device_name": "/dev/sda1",
                            "root_device_type": "ebs",
                            "root_snapshot_id": "snap-047e577260cfc9017",
                            "sriov_net_support": "simple",
                            "state": "available",
                            "state_reason.%": "2",
                            "state_reason.code": "UNSET",
                            "state_reason.message": "UNSET",
                            "tags.%": "0",
                            "virtualization_type": "hvm"
                        },
                        "meta": {},
                        "tainted": false
                    },
                    "deposed": [],
                    "provider": "provider.aws"
                },
                "data.aws_ami.ubuntu": {
                    "type": "aws_ami",
                    "depends_on": [],
                    "primary": {
                        "id": "ami-0caee806a0c3782c4",
                        "attributes": {
                            "architecture": "x86_64",
                            "block_device_mappings.#": "3",
                            "block_device_mappings.1634610537.device_name": "/dev/sdb",
                            "block_device_mappings.1634610537.ebs.%": "0",
                            "block_device_mappings.1634610537.no_device": "",
                            "block_device_mappings.1634610537.virtual_name": "ephemeral0",
                            "block_device_mappings.2547816212.device_name": "/dev/sda1",
                            "block_device_mappings.2547816212.ebs.%": "6",
                            "block_device_mappings.2547816212.ebs.delete_on_termination": "true",
                            "block_device_mappings.2547816212.ebs.encrypted": "false",
                            "block_device_mappings.2547816212.ebs.iops": "0",
                            "block_device_mappings.2547816212.ebs.snapshot_id": "snap-0ef43a0c57336518e",
                            "block_device_mappings.2547816212.ebs.volume_size": "8",
                            "block_device_mappings.2547816212.ebs.volume_type": "gp2",
                            "block_device_mappings.2547816212.no_device": "",
                            "block_device_mappings.2547816212.virtual_name": "",
                            "block_device_mappings.3850042718.device_name": "/dev/sdc",
                            "block_device_mappings.3850042718.ebs.%": "0",
                            "block_device_mappings.3850042718.no_device": "",
                            "block_device_mappings.3850042718.virtual_name": "ephemeral1",
                            "creation_date": "2019-11-11T13:13:04.000Z",
                            "description": "Canonical, Ubuntu, 14.04 LTS, amd64 trusty image build on 2019-11-07",
                            "filter.#": "2",
                            "filter.4182425345.name": "name",
                            "filter.4182425345.values.#": "1",
                            "filter.4182425345.values.0": "ubuntu/images/hvm-ssd/ubuntu-trusty-14.04-amd64-server-*",
                            "filter.490168357.name": "virtualization-type",
                            "filter.490168357.values.#": "1",
                            "filter.490168357.values.0": "hvm",
                            "hypervisor": "xen",
                            "id": "ami-0caee806a0c3782c4",
                            "image_id": "ami-0caee806a0c3782c4",
                            "image_location": "099720109477/ubuntu/images/hvm-ssd/ubuntu-trusty-14.04-amd64-server-20191107",
                            "image_type": "machine",
                            "most_recent": "true",
                            "name": "ubuntu/images/hvm-ssd/ubuntu-trusty-14.04-amd64-server-20191107",
                            "owner_id": "099720109477",
                            "owners.#": "1",
                            "owners.0": "099720109477",
                            "product_codes.#": "0",
                            "public": "true",
                            "root_device_name": "/dev/sda1",
                            "root_device_type": "ebs",
                            "root_snapshot_id": "snap-0ef43a0c57336518e",
                            "sriov_net_support": "simple",
                            "state": "available",
                            "state_reason.%": "2",
                            "state_reason.code": "UNSET",
                            "state_reason.message": "UNSET",
                            "tags.%": "0",
                            "virtualization_type": "hvm"
                        },
                        "meta": {},
                        "tainted": false
                    },
                    "deposed": [],
                    "provider": "provider.aws"
                },
                "data.aws_availability_zones.available": {
                    "type": "aws_availability_zones",
                    "depends_on": [],
                    "primary": {
                        "id": "2020-06-24 05:06:24.240484 +0000 UTC",
                        "attributes": {
                            "group_names.#": "1",
                            "group_names.806693212": "ap-southeast-2",
                            "id": "2020-06-24 05:06:24.240484 +0000 UTC",
                            "names.#": "3",
                            "names.0": "ap-southeast-2a",
                            "names.1": "ap-southeast-2b",
                            "names.2": "ap-southeast-2c",
                            "zone_ids.#": "3",
                            "zone_ids.0": "apse2-az1",
                            "zone_ids.1": "apse2-az3",
                            "zone_ids.2": "apse2-az2"
                        },
                        "meta": {},
                        "tainted": false
                    },
                    "deposed": [],
                    "provider": "provider.aws"
                },
                "data.aws_caller_identity.current": {
                    "type": "aws_caller_identity",
                    "depends_on": [],
                    "primary": {
                        "id": "2020-06-24 05:06:25.32368 +0000 UTC",
                        "attributes": {
                            "account_id": "823861797682",
                            "arn": "arn:aws:iam::823861797682:user/phillip.xu",
                            "id": "2020-06-24 05:06:25.32368 +0000 UTC",
                            "user_id": "AIDA37UP5MMZLFVA4HF6P"
                        },
                        "meta": {},
                        "tainted": false
                    },
                    "deposed": [],
                    "provider": "provider.aws"
                },
                "data.aws_ecr_image.front_latest": {
                    "type": "aws_ecr_image",
                    "depends_on": [],
                    "primary": {
                        "id": "2020-06-24 05:06:24.455015 +0000 UTC",
                        "attributes": {
                            "id": "2020-06-24 05:06:24.455015 +0000 UTC",
                            "image_digest": "sha256:9ad158f7d18e838d5dd6b37b490ddf19800e84bd8846b984d99a9209067d8ffc",
                            "image_pushed_at": "1592974215",
                            "image_size_in_bytes": "9530799",
                            "image_tag": "latest",
                            "image_tags.#": "1",
                            "image_tags.0": "latest",
                            "registry_id": "823861797682",
                            "repository_name": "frontend"
                        },
                        "meta": {},
                        "tainted": false
                    },
                    "deposed": [],
                    "provider": "provider.aws"
                },
                "data.template_file.asg_user_data": {
                    "type": "template_file",
                    "depends_on": [],
                    "primary": {
                        "id": "77cd1c6039b987979e49873052a66d4b8f686a47cd2b50980f0697abd4107e83",
                        "attributes": {
                            "id": "77cd1c6039b987979e49873052a66d4b8f686a47cd2b50980f0697abd4107e83",
                            "rendered": "#!/bin/bash\ncat \u003c\u003c EOF_CONFIG \u003e /etc/asg/asg.config\nASG_CLUSTER=companyNews\nASG_ENABLE_TASK_IAM_ROLE=true\nASG_ENABLE_TASK_ENI=true\nASG_DISABLE_PRIVILEGED=false\nASG_AWSVPC_BLOCK_IMDS=false\nEOF_CONFIG\n",
                            "template": "#!/bin/bash\ncat \u003c\u003c EOF_CONFIG \u003e /etc/asg/asg.config\nASG_CLUSTER=companyNews\nASG_ENABLE_TASK_IAM_ROLE=true\nASG_ENABLE_TASK_ENI=true\nASG_DISABLE_PRIVILEGED=false\nASG_AWSVPC_BLOCK_IMDS=false\nEOF_CONFIG\n"
                        },
                        "meta": {},
                        "tainted": false
                    },
                    "deposed": [],
                    "provider": "provider.template"
                },
                "data.template_file.bastion_user_data": {
                    "type": "template_file",
                    "depends_on": [],
                    "primary": {
                        "id": "e6a1fac7168e08984a8831a0ee5e51f1824af6bde2f24eee1ac4a0adf20b8f05",
                        "attributes": {
                            "id": "e6a1fac7168e08984a8831a0ee5e51f1824af6bde2f24eee1ac4a0adf20b8f05",
                            "rendered": "#!/bin/bash\ncat \u003c\u003c EOF_CONFIG \u003e\u003e /etc/ssh/sshd_config\nAllowTcpForwarding yes\nEOF_CONFIG\n",
                            "template": "#!/bin/bash\ncat \u003c\u003c EOF_CONFIG \u003e\u003e /etc/ssh/sshd_config\nAllowTcpForwarding yes\nEOF_CONFIG\n"
                        },
                        "meta": {},
                        "tainted": false
                    },
                    "deposed": [],
                    "provider": "provider.template"
                },
                "data.template_file.ecs_user_data": {
                    "type": "template_file",
                    "depends_on": [],
                    "primary": {
                        "id": "78725b16c37436e967d7e2f18b4c5867acd2f44194f1487fe32a17045f7539a0",
                        "attributes": {
                            "id": "78725b16c37436e967d7e2f18b4c5867acd2f44194f1487fe32a17045f7539a0",
                            "rendered": "#!/bin/bash\ncat \u003c\u003c EOF_CONFIG \u003e /etc/ecs/ecs.config\nECS_CLUSTER=companyNews\nECS_ENABLE_TASK_IAM_ROLE=true\nECS_ENABLE_TASK_ENI=true\nECS_DISABLE_PRIVILEGED=false\nECS_AWSVPC_BLOCK_IMDS=false\nEOF_CONFIG\n",
                            "template": "#!/bin/bash\ncat \u003c\u003c EOF_CONFIG \u003e /etc/ecs/ecs.config\nECS_CLUSTER=companyNews\nECS_ENABLE_TASK_IAM_ROLE=true\nECS_ENABLE_TASK_ENI=true\nECS_DISABLE_PRIVILEGED=false\nECS_AWSVPC_BLOCK_IMDS=false\nEOF_CONFIG\n"
                        },
                        "meta": {},
                        "tainted": false
                    },
                    "deposed": [],
                    "provider": "provider.template"
                },
                "null_resource.docker-build": {
                    "type": "null_resource",
                    "depends_on": [
                        "aws_alb.backend_main"
                    ],
                    "primary": {
                        "id": "4942789667173532738",
                        "attributes": {
                            "id": "4942789667173532738"
                        },
                        "meta": {},
                        "tainted": false
                    },
                    "deposed": [],
                    "provider": "provider.null"
                },
                "null_resource.docker-login": {
                    "type": "null_resource",
                    "depends_on": [],
                    "primary": {
                        "id": "941886379271764077",
                        "attributes": {
                            "id": "941886379271764077"
                        },
                        "meta": {},
                        "tainted": false
                    },
                    "deposed": [],
                    "provider": "provider.null"
                },
                "null_resource.docker-push": {
                    "type": "null_resource",
                    "depends_on": [],
                    "primary": {
                        "id": "7779425536201312059",
                        "attributes": {
                            "id": "7779425536201312059"
                        },
                        "meta": {},
                        "tainted": false
                    },
                    "deposed": [],
                    "provider": "provider.null"
                },
                "null_resource.docker-tag": {
                    "type": "null_resource",
                    "depends_on": [],
                    "primary": {
                        "id": "694487171719506787",
                        "attributes": {
                            "id": "694487171719506787"
                        },
                        "meta": {},
                        "tainted": false
                    },
                    "deposed": [],
                    "provider": "provider.null"
                }
            },
            "depends_on": []
        },
        {
            "path": [
                "root",
                "backend_alb_sg"
            ],
            "outputs": {
                "this_security_group_description": {
                    "sensitive": false,
                    "type": "string",
                    "value": "Security Group managed by Terraform"
                },
                "this_security_group_id": {
                    "sensitive": false,
                    "type": "string",
                    "value": "sg-0c8c38c7308124903"
                },
                "this_security_group_name": {
                    "sensitive": false,
                    "type": "string",
                    "value": "companyNews-BACKEND-ALB-SG"
                },
                "this_security_group_owner_id": {
                    "sensitive": false,
                    "type": "string",
                    "value": "823861797682"
                },
                "this_security_group_vpc_id": {
                    "sensitive": false,
                    "type": "string",
                    "value": "vpc-014506b933b343a82"
                }
            },
            "resources": {
                "aws_security_group.this": {
                    "type": "aws_security_group",
                    "depends_on": [],
                    "primary": {
                        "id": "sg-0c8c38c7308124903",
                        "attributes": {
                            "arn": "arn:aws:ec2:ap-southeast-2:823861797682:security-group/sg-0c8c38c7308124903",
                            "description": "Security Group managed by Terraform",
                            "egress.#": "1",
                            "egress.2442053491.cidr_blocks.#": "1",
                            "egress.2442053491.cidr_blocks.0": "0.0.0.0/0",
                            "egress.2442053491.description": "all outbound",
                            "egress.2442053491.from_port": "0",
                            "egress.2442053491.ipv6_cidr_blocks.#": "0",
                            "egress.2442053491.prefix_list_ids.#": "0",
                            "egress.2442053491.protocol": "-1",
                            "egress.2442053491.security_groups.#": "0",
                            "egress.2442053491.self": "false",
                            "egress.2442053491.to_port": "0",
                            "id": "sg-0c8c38c7308124903",
                            "ingress.#": "2",
                            "ingress.1773881670.cidr_blocks.#": "1",
                            "ingress.1773881670.cidr_blocks.0": "0.0.0.0/0",
                            "ingress.1773881670.description": "http",
                            "ingress.1773881670.from_port": "80",
                            "ingress.1773881670.ipv6_cidr_blocks.#": "0",
                            "ingress.1773881670.prefix_list_ids.#": "0",
                            "ingress.1773881670.protocol": "tcp",
                            "ingress.1773881670.security_groups.#": "0",
                            "ingress.1773881670.self": "false",
                            "ingress.1773881670.to_port": "80",
                            "ingress.3956889494.cidr_blocks.#": "1",
                            "ingress.3956889494.cidr_blocks.0": "0.0.0.0/0",
                            "ingress.3956889494.description": "https",
                            "ingress.3956889494.from_port": "443",
                            "ingress.3956889494.ipv6_cidr_blocks.#": "0",
                            "ingress.3956889494.prefix_list_ids.#": "0",
                            "ingress.3956889494.protocol": "tcp",
                            "ingress.3956889494.security_groups.#": "0",
                            "ingress.3956889494.self": "false",
                            "ingress.3956889494.to_port": "443",
                            "name": "companyNews-BACKEND-ALB-SG",
                            "owner_id": "823861797682",
                            "revoke_rules_on_delete": "false",
                            "tags.%": "1",
                            "tags.Name": "companyNews-BACKEND-ALB-SG",
                            "vpc_id": "vpc-014506b933b343a82"
                        },
                        "meta": {
                            "e2bfb730-ecaa-11e6-8f88-34363bc7c4c0": {
                                "create": 600000000000,
                                "delete": 600000000000
                            },
                            "schema_version": "1"
                        },
                        "tainted": false
                    },
                    "deposed": [],
                    "provider": "provider.aws"
                },
                "aws_security_group_rule.egress_with_cidr_blocks": {
                    "type": "aws_security_group_rule",
                    "depends_on": [
                        "aws_security_group.this"
                    ],
                    "primary": {
                        "id": "sgrule-2091469253",
                        "attributes": {
                            "cidr_blocks.#": "1",
                            "cidr_blocks.0": "0.0.0.0/0",
                            "description": "all outbound",
                            "from_port": "0",
                            "id": "sgrule-2091469253",
                            "ipv6_cidr_blocks.#": "0",
                            "prefix_list_ids.#": "0",
                            "protocol": "-1",
                            "security_group_id": "sg-0c8c38c7308124903",
                            "self": "false",
                            "to_port": "0",
                            "type": "egress"
                        },
                        "meta": {
                            "schema_version": "2"
                        },
                        "tainted": false
                    },
                    "deposed": [],
                    "provider": "provider.aws"
                },
                "aws_security_group_rule.ingress_with_cidr_blocks.0": {
                    "type": "aws_security_group_rule",
                    "depends_on": [
                        "aws_security_group.this"
                    ],
                    "primary": {
                        "id": "sgrule-438792234",
                        "attributes": {
                            "cidr_blocks.#": "1",
                            "cidr_blocks.0": "0.0.0.0/0",
                            "description": "http",
                            "from_port": "80",
                            "id": "sgrule-438792234",
                            "ipv6_cidr_blocks.#": "0",
                            "prefix_list_ids.#": "0",
                            "protocol": "tcp",
                            "security_group_id": "sg-0c8c38c7308124903",
                            "self": "false",
                            "to_port": "80",
                            "type": "ingress"
                        },
                        "meta": {
                            "schema_version": "2"
                        },
                        "tainted": false
                    },
                    "deposed": [],
                    "provider": "provider.aws"
                },
                "aws_security_group_rule.ingress_with_cidr_blocks.1": {
                    "type": "aws_security_group_rule",
                    "depends_on": [
                        "aws_security_group.this"
                    ],
                    "primary": {
                        "id": "sgrule-2572010945",
                        "attributes": {
                            "cidr_blocks.#": "1",
                            "cidr_blocks.0": "0.0.0.0/0",
                            "description": "https",
                            "from_port": "443",
                            "id": "sgrule-2572010945",
                            "ipv6_cidr_blocks.#": "0",
                            "prefix_list_ids.#": "0",
                            "protocol": "tcp",
                            "security_group_id": "sg-0c8c38c7308124903",
                            "self": "false",
                            "to_port": "443",
                            "type": "ingress"
                        },
                        "meta": {
                            "schema_version": "2"
                        },
                        "tainted": false
                    },
                    "deposed": [],
                    "provider": "provider.aws"
                }
            },
            "depends_on": []
        },
        {
            "path": [
                "root",
                "ecs_cluster_iam"
            ],
            "outputs": {
                "ecs_instance_profile_id": {
                    "sensitive": false,
                    "type": "string",
                    "value": "ecs-container-instance-profile"
                }
            },
            "resources": {
                "aws_iam_instance_profile.ecs": {
                    "type": "aws_iam_instance_profile",
                    "depends_on": [
                        "aws_iam_role.ecs_container_instance"
                    ],
                    "primary": {
                        "id": "ecs-container-instance-profile",
                        "attributes": {
                            "arn": "arn:aws:iam::823861797682:instance-profile/ecs-container-instance-profile",
                            "create_date": "2020-06-24T00:50:27Z",
                            "id": "ecs-container-instance-profile",
                            "name": "ecs-container-instance-profile",
                            "path": "/",
                            "role": "ecs-container-instance-role",
                            "roles.#": "1",
                            "roles.1003663373": "ecs-container-instance-role",
                            "unique_id": "AIPA37UP5MMZAKQCYWY7S"
                        },
                        "meta": {},
                        "tainted": false
                    },
                    "deposed": [],
                    "provider": "provider.aws"
                },
                "aws_iam_role.ecs_container_instance": {
                    "type": "aws_iam_role",
                    "depends_on": [],
                    "primary": {
                        "id": "ecs-container-instance-role",
                        "attributes": {
                            "arn": "arn:aws:iam::823861797682:role/ecs-container-instance-role",
                            "assume_role_policy": "{\"Version\":\"2012-10-17\",\"Statement\":[{\"Sid\":\"\",\"Effect\":\"Allow\",\"Principal\":{\"Service\":\"ec2.amazonaws.com\"},\"Action\":\"sts:AssumeRole\"}]}",
                            "create_date": "2020-06-23T08:02:16Z",
                            "description": "",
                            "force_detach_policies": "false",
                            "id": "ecs-container-instance-role",
                            "max_session_duration": "3600",
                            "name": "ecs-container-instance-role",
                            "path": "/",
                            "tags.%": "0",
                            "unique_id": "AROA37UP5MMZATEWZGSLN"
                        },
                        "meta": {},
                        "tainted": false
                    },
                    "deposed": [],
                    "provider": "provider.aws"
                },
                "aws_iam_role_policy.ecs_instance_role_policy": {
                    "type": "aws_iam_role_policy",
                    "depends_on": [
                        "aws_iam_role.ecs_container_instance"
                    ],
                    "primary": {
                        "id": "ecs-container-instance-role:ecs_instance_role_policy",
                        "attributes": {
                            "id": "ecs-container-instance-role:ecs_instance_role_policy",
                            "name": "ecs_instance_role_policy",
                            "policy": "{\n  \"Version\": \"2012-10-17\",\n  \"Statement\": [\n    {\n      \"Effect\": \"Allow\",\n      \"Action\": [\n        \"ecs:CreateCluster\",\n        \"ecs:DeregisterContainerInstance\",\n        \"ecs:DiscoverPollEndpoint\",\n        \"ecs:Poll\",\n        \"ecs:RegisterContainerInstance\",\n        \"ecs:StartTelemetrySession\",\n        \"ecs:Submit*\",\n        \"ecs:StartTask\"\n      ],\n      \"Resource\": \"*\"\n    },\n\t\t{\n\t\t\t\"Effect\": \"Allow\",\n\t\t\t\"Action\": [\n\t\t\t\t\"ec2:CreateNetworkInterface\",\n\t\t\t\t\"ec2:DescribeNetworkInterfaces\",\n\t\t\t\t\"ec2:DetachNetworkInterface\",\n\t\t\t\t\"ec2:DeleteNetworkInterface\",\n\t\t\t\t\"ec2:AttachNetworkInterface\",\n\t\t\t\t\"ec2:DescribeInstances\",\n\t\t\t\t\"autoscaling:CompleteLifecycleAction\"\n\t\t\t],\n\t\t\t\"Resource\": \"*\"\n\t\t}\n  ]\n}\n",
                            "role": "ecs-container-instance-role"
                        },
                        "meta": {},
                        "tainted": false
                    },
                    "deposed": [],
                    "provider": "provider.aws"
                }
            },
            "depends_on": []
        },
        {
            "path": [
                "root",
                "frontend_alb_sg"
            ],
            "outputs": {
                "this_security_group_description": {
                    "sensitive": false,
                    "type": "string",
                    "value": "Security Group managed by Terraform"
                },
                "this_security_group_id": {
                    "sensitive": false,
                    "type": "string",
                    "value": "sg-076d526e8bd6628f5"
                },
                "this_security_group_name": {
                    "sensitive": false,
                    "type": "string",
                    "value": "companyNews-FRONTEND-ALB-SG"
                },
                "this_security_group_owner_id": {
                    "sensitive": false,
                    "type": "string",
                    "value": "823861797682"
                },
                "this_security_group_vpc_id": {
                    "sensitive": false,
                    "type": "string",
                    "value": "vpc-014506b933b343a82"
                }
            },
            "resources": {
                "aws_security_group.this": {
                    "type": "aws_security_group",
                    "depends_on": [],
                    "primary": {
                        "id": "sg-076d526e8bd6628f5",
                        "attributes": {
                            "arn": "arn:aws:ec2:ap-southeast-2:823861797682:security-group/sg-076d526e8bd6628f5",
                            "description": "Security Group managed by Terraform",
                            "egress.#": "1",
                            "egress.2442053491.cidr_blocks.#": "1",
                            "egress.2442053491.cidr_blocks.0": "0.0.0.0/0",
                            "egress.2442053491.description": "all outbound",
                            "egress.2442053491.from_port": "0",
                            "egress.2442053491.ipv6_cidr_blocks.#": "0",
                            "egress.2442053491.prefix_list_ids.#": "0",
                            "egress.2442053491.protocol": "-1",
                            "egress.2442053491.security_groups.#": "0",
                            "egress.2442053491.self": "false",
                            "egress.2442053491.to_port": "0",
                            "id": "sg-076d526e8bd6628f5",
                            "ingress.#": "3",
                            "ingress.1773881670.cidr_blocks.#": "1",
                            "ingress.1773881670.cidr_blocks.0": "0.0.0.0/0",
                            "ingress.1773881670.description": "http",
                            "ingress.1773881670.from_port": "80",
                            "ingress.1773881670.ipv6_cidr_blocks.#": "0",
                            "ingress.1773881670.prefix_list_ids.#": "0",
                            "ingress.1773881670.protocol": "tcp",
                            "ingress.1773881670.security_groups.#": "0",
                            "ingress.1773881670.self": "false",
                            "ingress.1773881670.to_port": "80",
                            "ingress.3956889494.cidr_blocks.#": "1",
                            "ingress.3956889494.cidr_blocks.0": "0.0.0.0/0",
                            "ingress.3956889494.description": "https",
                            "ingress.3956889494.from_port": "443",
                            "ingress.3956889494.ipv6_cidr_blocks.#": "0",
                            "ingress.3956889494.prefix_list_ids.#": "0",
                            "ingress.3956889494.protocol": "tcp",
                            "ingress.3956889494.security_groups.#": "0",
                            "ingress.3956889494.self": "false",
                            "ingress.3956889494.to_port": "443",
                            "ingress.995602703.cidr_blocks.#": "1",
                            "ingress.995602703.cidr_blocks.0": "0.0.0.0/0",
                            "ingress.995602703.description": "http",
                            "ingress.995602703.from_port": "81",
                            "ingress.995602703.ipv6_cidr_blocks.#": "0",
                            "ingress.995602703.prefix_list_ids.#": "0",
                            "ingress.995602703.protocol": "tcp",
                            "ingress.995602703.security_groups.#": "0",
                            "ingress.995602703.self": "false",
                            "ingress.995602703.to_port": "81",
                            "name": "companyNews-FRONTEND-ALB-SG",
                            "owner_id": "823861797682",
                            "revoke_rules_on_delete": "false",
                            "tags.%": "1",
                            "tags.Name": "companyNews-FRONTEND-ALB-SG",
                            "vpc_id": "vpc-014506b933b343a82"
                        },
                        "meta": {
                            "e2bfb730-ecaa-11e6-8f88-34363bc7c4c0": {
                                "create": 600000000000,
                                "delete": 600000000000
                            },
                            "schema_version": "1"
                        },
                        "tainted": false
                    },
                    "deposed": [],
                    "provider": "provider.aws"
                },
                "aws_security_group_rule.egress_with_cidr_blocks": {
                    "type": "aws_security_group_rule",
                    "depends_on": [
                        "aws_security_group.this"
                    ],
                    "primary": {
                        "id": "sgrule-3915524861",
                        "attributes": {
                            "cidr_blocks.#": "1",
                            "cidr_blocks.0": "0.0.0.0/0",
                            "description": "all outbound",
                            "from_port": "0",
                            "id": "sgrule-3915524861",
                            "ipv6_cidr_blocks.#": "0",
                            "prefix_list_ids.#": "0",
                            "protocol": "-1",
                            "security_group_id": "sg-076d526e8bd6628f5",
                            "self": "false",
                            "to_port": "0",
                            "type": "egress"
                        },
                        "meta": {
                            "schema_version": "2"
                        },
                        "tainted": false
                    },
                    "deposed": [],
                    "provider": "provider.aws"
                },
                "aws_security_group_rule.ingress_with_cidr_blocks.0": {
                    "type": "aws_security_group_rule",
                    "depends_on": [
                        "aws_security_group.this"
                    ],
                    "primary": {
                        "id": "sgrule-2492999821",
                        "attributes": {
                            "cidr_blocks.#": "1",
                            "cidr_blocks.0": "0.0.0.0/0",
                            "description": "http",
                            "from_port": "80",
                            "id": "sgrule-2492999821",
                            "ipv6_cidr_blocks.#": "0",
                            "prefix_list_ids.#": "0",
                            "protocol": "tcp",
                            "security_group_id": "sg-076d526e8bd6628f5",
                            "self": "false",
                            "to_port": "80",
                            "type": "ingress"
                        },
                        "meta": {
                            "schema_version": "2"
                        },
                        "tainted": false
                    },
                    "deposed": [],
                    "provider": "provider.aws"
                },
                "aws_security_group_rule.ingress_with_cidr_blocks.1": {
                    "type": "aws_security_group_rule",
                    "depends_on": [
                        "aws_security_group.this"
                    ],
                    "primary": {
                        "id": "sgrule-2066831083",
                        "attributes": {
                            "cidr_blocks.#": "1",
                            "cidr_blocks.0": "0.0.0.0/0",
                            "description": "http",
                            "from_port": "81",
                            "id": "sgrule-2066831083",
                            "ipv6_cidr_blocks.#": "0",
                            "prefix_list_ids.#": "0",
                            "protocol": "tcp",
                            "security_group_id": "sg-076d526e8bd6628f5",
                            "self": "false",
                            "to_port": "81",
                            "type": "ingress"
                        },
                        "meta": {
                            "schema_version": "2"
                        },
                        "tainted": false
                    },
                    "deposed": [],
                    "provider": "provider.aws"
                },
                "aws_security_group_rule.ingress_with_cidr_blocks.2": {
                    "type": "aws_security_group_rule",
                    "depends_on": [
                        "aws_security_group.this"
                    ],
                    "primary": {
                        "id": "sgrule-498841750",
                        "attributes": {
                            "cidr_blocks.#": "1",
                            "cidr_blocks.0": "0.0.0.0/0",
                            "description": "https",
                            "from_port": "443",
                            "id": "sgrule-498841750",
                            "ipv6_cidr_blocks.#": "0",
                            "prefix_list_ids.#": "0",
                            "protocol": "tcp",
                            "security_group_id": "sg-076d526e8bd6628f5",
                            "self": "false",
                            "to_port": "443",
                            "type": "ingress"
                        },
                        "meta": {
                            "schema_version": "2"
                        },
                        "tainted": false
                    },
                    "deposed": [],
                    "provider": "provider.aws"
                }
            },
            "depends_on": []
        },
        {
            "path": [
                "root",
                "vpc"
            ],
            "outputs": {
                "database_subnet_group": {
                    "sensitive": false,
                    "type": "string",
                    "value": ""
                },
                "database_subnets": {
                    "sensitive": false,
                    "type": "list",
                    "value": []
                },
                "database_subnets_cidr_blocks": {
                    "sensitive": false,
                    "type": "list",
                    "value": []
                },
                "default_network_acl_id": {
                    "sensitive": false,
                    "type": "string",
                    "value": "acl-0da59939766046e9f"
                },
                "default_route_table_id": {
                    "sensitive": false,
                    "type": "string",
                    "value": "rtb-0f6040524d63e74f2"
                },
                "default_security_group_id": {
                    "sensitive": false,
                    "type": "string",
                    "value": "sg-011b3195bac8b46d3"
                },
                "default_vpc_cidr_block": {
                    "sensitive": false,
                    "type": "string",
                    "value": ""
                },
                "default_vpc_default_network_acl_id": {
                    "sensitive": false,
                    "type": "string",
                    "value": ""
                },
                "default_vpc_default_route_table_id": {
                    "sensitive": false,
                    "type": "string",
                    "value": ""
                },
                "default_vpc_default_security_group_id": {
                    "sensitive": false,
                    "type": "string",
                    "value": ""
                },
                "default_vpc_enable_dns_hostnames": {
                    "sensitive": false,
                    "type": "string",
                    "value": ""
                },
                "default_vpc_enable_dns_support": {
                    "sensitive": false,
                    "type": "string",
                    "value": ""
                },
                "default_vpc_id": {
                    "sensitive": false,
                    "type": "string",
                    "value": ""
                },
                "default_vpc_instance_tenancy": {
                    "sensitive": false,
                    "type": "string",
                    "value": ""
                },
                "default_vpc_main_route_table_id": {
                    "sensitive": false,
                    "type": "string",
                    "value": ""
                },
                "elasticache_subnet_group": {
                    "sensitive": false,
                    "type": "string",
                    "value": ""
                },
                "elasticache_subnet_group_name": {
                    "sensitive": false,
                    "type": "string",
                    "value": ""
                },
                "elasticache_subnets": {
                    "sensitive": false,
                    "type": "list",
                    "value": []
                },
                "elasticache_subnets_cidr_blocks": {
                    "sensitive": false,
                    "type": "list",
                    "value": []
                },
                "igw_id": {
                    "sensitive": false,
                    "type": "string",
                    "value": "igw-08389ae604f461e79"
                },
                "intra_route_table_ids": {
                    "sensitive": false,
                    "type": "list",
                    "value": []
                },
                "intra_subnets": {
                    "sensitive": false,
                    "type": "list",
                    "value": []
                },
                "intra_subnets_cidr_blocks": {
                    "sensitive": false,
                    "type": "list",
                    "value": []
                },
                "nat_ids": {
                    "sensitive": false,
                    "type": "list",
                    "value": [
                        "eipalloc-09adf78d37183c86a",
                        "eipalloc-0ee308c6a9fa85faa",
                        "eipalloc-0bf5a9827672b8b86"
                    ]
                },
                "nat_public_ips": {
                    "sensitive": false,
                    "type": "list",
                    "value": [
                        "13.238.92.49",
                        "52.65.168.182",
                        "13.237.95.158"
                    ]
                },
                "natgw_ids": {
                    "sensitive": false,
                    "type": "list",
                    "value": [
                        "nat-0d571553303978f58",
                        "nat-0e3dd165e794a2d7a",
                        "nat-084d0a071c6808607"
                    ]
                },
                "private_route_table_ids": {
                    "sensitive": false,
                    "type": "list",
                    "value": [
                        "rtb-03b4a2142dd3cc347",
                        "rtb-0cb9721985f084f78",
                        "rtb-09ea5c5d5e207cd1a"
                    ]
                },
                "private_subnets": {
                    "sensitive": false,
                    "type": "list",
                    "value": [
                        "subnet-04fb3173d46dc58ee",
                        "subnet-02d6a48ce7acf6c3f",
                        "subnet-02f09987218d97e90"
                    ]
                },
                "private_subnets_cidr_blocks": {
                    "sensitive": false,
                    "type": "list",
                    "value": [
                        "10.0.1.0/24",
                        "10.0.2.0/24",
                        "10.0.3.0/24"
                    ]
                },
                "public_route_table_ids": {
                    "sensitive": false,
                    "type": "list",
                    "value": [
                        "rtb-02936e491dd4a6c19"
                    ]
                },
                "public_subnets": {
                    "sensitive": false,
                    "type": "list",
                    "value": [
                        "subnet-070192fed09f34fbc",
                        "subnet-095f0aaaa3a99d7b4",
                        "subnet-07bded9a3b6dc0824"
                    ]
                },
                "public_subnets_cidr_blocks": {
                    "sensitive": false,
                    "type": "list",
                    "value": [
                        "10.0.101.0/24",
                        "10.0.102.0/24",
                        "10.0.103.0/24"
                    ]
                },
                "redshift_subnet_group": {
                    "sensitive": false,
                    "type": "string",
                    "value": ""
                },
                "redshift_subnets": {
                    "sensitive": false,
                    "type": "list",
                    "value": []
                },
                "redshift_subnets_cidr_blocks": {
                    "sensitive": false,
                    "type": "list",
                    "value": []
                },
                "vgw_id": {
                    "sensitive": false,
                    "type": "string",
                    "value": ""
                },
                "vpc_cidr_block": {
                    "sensitive": false,
                    "type": "string",
                    "value": "10.0.0.0/16"
                },
                "vpc_enable_dns_hostnames": {
                    "sensitive": false,
                    "type": "string",
                    "value": "true"
                },
                "vpc_enable_dns_support": {
                    "sensitive": false,
                    "type": "string",
                    "value": "true"
                },
                "vpc_endpoint_dynamodb_id": {
                    "sensitive": false,
                    "type": "string",
                    "value": ""
                },
                "vpc_endpoint_dynamodb_pl_id": {
                    "sensitive": false,
                    "type": "string",
                    "value": ""
                },
                "vpc_endpoint_s3_id": {
                    "sensitive": false,
                    "type": "string",
                    "value": ""
                },
                "vpc_endpoint_s3_pl_id": {
                    "sensitive": false,
                    "type": "string",
                    "value": ""
                },
                "vpc_id": {
                    "sensitive": false,
                    "type": "string",
                    "value": "vpc-014506b933b343a82"
                },
                "vpc_instance_tenancy": {
                    "sensitive": false,
                    "type": "string",
                    "value": "default"
                },
                "vpc_main_route_table_id": {
                    "sensitive": false,
                    "type": "string",
                    "value": "rtb-0f6040524d63e74f2"
                }
            },
            "resources": {
                "aws_eip.nat.0": {
                    "type": "aws_eip",
                    "depends_on": [
                        "local.nat_gateway_count"
                    ],
                    "primary": {
                        "id": "eipalloc-09adf78d37183c86a",
                        "attributes": {
                            "association_id": "eipassoc-04819b8061268892e",
                            "customer_owned_ip": "",
                            "customer_owned_ipv4_pool": "",
                            "domain": "vpc",
                            "id": "eipalloc-09adf78d37183c86a",
                            "instance": "",
                            "network_interface": "eni-079de0e5b3ea4dd8a",
                            "private_dns": "ip-10-0-101-253.ap-southeast-2.compute.internal",
                            "private_ip": "10.0.101.253",
                            "public_dns": "ec2-13-238-92-49.ap-southeast-2.compute.amazonaws.com",
                            "public_ip": "13.238.92.49",
                            "public_ipv4_pool": "amazon",
                            "tags.%": "3",
                            "tags.Environment": "dev",
                            "tags.Name": "companyNews VPC-ap-southeast-2a",
                            "tags.Terraform": "true",
                            "vpc": "true"
                        },
                        "meta": {
                            "e2bfb730-ecaa-11e6-8f88-34363bc7c4c0": {
                                "delete": 180000000000,
                                "read": 900000000000,
                                "update": 300000000000
                            }
                        },
                        "tainted": false
                    },
                    "deposed": [],
                    "provider": "provider.aws"
                },
                "aws_eip.nat.1": {
                    "type": "aws_eip",
                    "depends_on": [
                        "local.nat_gateway_count"
                    ],
                    "primary": {
                        "id": "eipalloc-0ee308c6a9fa85faa",
                        "attributes": {
                            "association_id": "eipassoc-0abb87e7fbd324350",
                            "customer_owned_ip": "",
                            "customer_owned_ipv4_pool": "",
                            "domain": "vpc",
                            "id": "eipalloc-0ee308c6a9fa85faa",
                            "instance": "",
                            "network_interface": "eni-0a8c3ac5f1cf6b338",
                            "private_dns": "ip-10-0-102-104.ap-southeast-2.compute.internal",
                            "private_ip": "10.0.102.104",
                            "public_dns": "ec2-52-65-168-182.ap-southeast-2.compute.amazonaws.com",
                            "public_ip": "52.65.168.182",
                            "public_ipv4_pool": "amazon",
                            "tags.%": "3",
                            "tags.Environment": "dev",
                            "tags.Name": "companyNews VPC-ap-southeast-2b",
                            "tags.Terraform": "true",
                            "vpc": "true"
                        },
                        "meta": {
                            "e2bfb730-ecaa-11e6-8f88-34363bc7c4c0": {
                                "delete": 180000000000,
                                "read": 900000000000,
                                "update": 300000000000
                            }
                        },
                        "tainted": false
                    },
                    "deposed": [],
                    "provider": "provider.aws"
                },
                "aws_eip.nat.2": {
                    "type": "aws_eip",
                    "depends_on": [
                        "local.nat_gateway_count"
                    ],
                    "primary": {
                        "id": "eipalloc-0bf5a9827672b8b86",
                        "attributes": {
                            "association_id": "eipassoc-0bef15c6d2fdfc68f",
                            "customer_owned_ip": "",
                            "customer_owned_ipv4_pool": "",
                            "domain": "vpc",
                            "id": "eipalloc-0bf5a9827672b8b86",
                            "instance": "",
                            "network_interface": "eni-0e2bdf75c76cd8928",
                            "private_dns": "ip-10-0-103-132.ap-southeast-2.compute.internal",
                            "private_ip": "10.0.103.132",
                            "public_dns": "ec2-13-237-95-158.ap-southeast-2.compute.amazonaws.com",
                            "public_ip": "13.237.95.158",
                            "public_ipv4_pool": "amazon",
                            "tags.%": "3",
                            "tags.Environment": "dev",
                            "tags.Name": "companyNews VPC-ap-southeast-2c",
                            "tags.Terraform": "true",
                            "vpc": "true"
                        },
                        "meta": {
                            "e2bfb730-ecaa-11e6-8f88-34363bc7c4c0": {
                                "delete": 180000000000,
                                "read": 900000000000,
                                "update": 300000000000
                            }
                        },
                        "tainted": false
                    },
                    "deposed": [],
                    "provider": "provider.aws"
                },
                "aws_internet_gateway.this": {
                    "type": "aws_internet_gateway",
                    "depends_on": [
                        "aws_vpc.this"
                    ],
                    "primary": {
                        "id": "igw-08389ae604f461e79",
                        "attributes": {
                            "arn": "arn:aws:ec2:ap-southeast-2:823861797682:internet-gateway/igw-08389ae604f461e79",
                            "id": "igw-08389ae604f461e79",
                            "owner_id": "823861797682",
                            "tags.%": "3",
                            "tags.Environment": "dev",
                            "tags.Name": "companyNews VPC",
                            "tags.Terraform": "true",
                            "vpc_id": "vpc-014506b933b343a82"
                        },
                        "meta": {},
                        "tainted": false
                    },
                    "deposed": [],
                    "provider": "provider.aws"
                },
                "aws_nat_gateway.this.0": {
                    "type": "aws_nat_gateway",
                    "depends_on": [
                        "aws_internet_gateway.this",
                        "aws_subnet.public.*",
                        "local.nat_gateway_count",
                        "local.nat_gateway_ips"
                    ],
                    "primary": {
                        "id": "nat-0d571553303978f58",
                        "attributes": {
                            "allocation_id": "eipalloc-09adf78d37183c86a",
                            "id": "nat-0d571553303978f58",
                            "network_interface_id": "eni-079de0e5b3ea4dd8a",
                            "private_ip": "10.0.101.253",
                            "public_ip": "13.238.92.49",
                            "subnet_id": "subnet-070192fed09f34fbc",
                            "tags.%": "3",
                            "tags.Environment": "dev",
                            "tags.Name": "companyNews VPC-ap-southeast-2a",
                            "tags.Terraform": "true"
                        },
                        "meta": {},
                        "tainted": false
                    },
                    "deposed": [],
                    "provider": "provider.aws"
                },
                "aws_nat_gateway.this.1": {
                    "type": "aws_nat_gateway",
                    "depends_on": [
                        "aws_internet_gateway.this",
                        "aws_subnet.public.*",
                        "local.nat_gateway_count",
                        "local.nat_gateway_ips"
                    ],
                    "primary": {
                        "id": "nat-0e3dd165e794a2d7a",
                        "attributes": {
                            "allocation_id": "eipalloc-0ee308c6a9fa85faa",
                            "id": "nat-0e3dd165e794a2d7a",
                            "network_interface_id": "eni-0a8c3ac5f1cf6b338",
                            "private_ip": "10.0.102.104",
                            "public_ip": "52.65.168.182",
                            "subnet_id": "subnet-095f0aaaa3a99d7b4",
                            "tags.%": "3",
                            "tags.Environment": "dev",
                            "tags.Name": "companyNews VPC-ap-southeast-2b",
                            "tags.Terraform": "true"
                        },
                        "meta": {},
                        "tainted": false
                    },
                    "deposed": [],
                    "provider": "provider.aws"
                },
                "aws_nat_gateway.this.2": {
                    "type": "aws_nat_gateway",
                    "depends_on": [
                        "aws_internet_gateway.this",
                        "aws_subnet.public.*",
                        "local.nat_gateway_count",
                        "local.nat_gateway_ips"
                    ],
                    "primary": {
                        "id": "nat-084d0a071c6808607",
                        "attributes": {
                            "allocation_id": "eipalloc-0bf5a9827672b8b86",
                            "id": "nat-084d0a071c6808607",
                            "network_interface_id": "eni-0e2bdf75c76cd8928",
                            "private_ip": "10.0.103.132",
                            "public_ip": "13.237.95.158",
                            "subnet_id": "subnet-07bded9a3b6dc0824",
                            "tags.%": "3",
                            "tags.Environment": "dev",
                            "tags.Name": "companyNews VPC-ap-southeast-2c",
                            "tags.Terraform": "true"
                        },
                        "meta": {},
                        "tainted": false
                    },
                    "deposed": [],
                    "provider": "provider.aws"
                },
                "aws_route.private_nat_gateway.0": {
                    "type": "aws_route",
                    "depends_on": [
                        "aws_nat_gateway.this.*",
                        "aws_route_table.private.*",
                        "local.nat_gateway_count"
                    ],
                    "primary": {
                        "id": "r-rtb-03b4a2142dd3cc3471080289494",
                        "attributes": {
                            "destination_cidr_block": "0.0.0.0/0",
                            "destination_prefix_list_id": "",
                            "egress_only_gateway_id": "",
                            "gateway_id": "",
                            "id": "r-rtb-03b4a2142dd3cc3471080289494",
                            "instance_id": "",
                            "instance_owner_id": "",
                            "nat_gateway_id": "nat-0d571553303978f58",
                            "network_interface_id": "",
                            "origin": "CreateRoute",
                            "route_table_id": "rtb-03b4a2142dd3cc347",
                            "state": "active",
                            "transit_gateway_id": "",
                            "vpc_peering_connection_id": ""
                        },
                        "meta": {
                            "e2bfb730-ecaa-11e6-8f88-34363bc7c4c0": {
                                "create": 300000000000,
                                "delete": 300000000000
                            }
                        },
                        "tainted": false
                    },
                    "deposed": [],
                    "provider": "provider.aws"
                },
                "aws_route.private_nat_gateway.1": {
                    "type": "aws_route",
                    "depends_on": [
                        "aws_nat_gateway.this.*",
                        "aws_route_table.private.*",
                        "local.nat_gateway_count"
                    ],
                    "primary": {
                        "id": "r-rtb-0cb9721985f084f781080289494",
                        "attributes": {
                            "destination_cidr_block": "0.0.0.0/0",
                            "destination_prefix_list_id": "",
                            "egress_only_gateway_id": "",
                            "gateway_id": "",
                            "id": "r-rtb-0cb9721985f084f781080289494",
                            "instance_id": "",
                            "instance_owner_id": "",
                            "nat_gateway_id": "nat-0e3dd165e794a2d7a",
                            "network_interface_id": "",
                            "origin": "CreateRoute",
                            "route_table_id": "rtb-0cb9721985f084f78",
                            "state": "active",
                            "transit_gateway_id": "",
                            "vpc_peering_connection_id": ""
                        },
                        "meta": {
                            "e2bfb730-ecaa-11e6-8f88-34363bc7c4c0": {
                                "create": 300000000000,
                                "delete": 300000000000
                            }
                        },
                        "tainted": false
                    },
                    "deposed": [],
                    "provider": "provider.aws"
                },
                "aws_route.private_nat_gateway.2": {
                    "type": "aws_route",
                    "depends_on": [
                        "aws_nat_gateway.this.*",
                        "aws_route_table.private.*",
                        "local.nat_gateway_count"
                    ],
                    "primary": {
                        "id": "r-rtb-09ea5c5d5e207cd1a1080289494",
                        "attributes": {
                            "destination_cidr_block": "0.0.0.0/0",
                            "destination_prefix_list_id": "",
                            "egress_only_gateway_id": "",
                            "gateway_id": "",
                            "id": "r-rtb-09ea5c5d5e207cd1a1080289494",
                            "instance_id": "",
                            "instance_owner_id": "",
                            "nat_gateway_id": "nat-084d0a071c6808607",
                            "network_interface_id": "",
                            "origin": "CreateRoute",
                            "route_table_id": "rtb-09ea5c5d5e207cd1a",
                            "state": "active",
                            "transit_gateway_id": "",
                            "vpc_peering_connection_id": ""
                        },
                        "meta": {
                            "e2bfb730-ecaa-11e6-8f88-34363bc7c4c0": {
                                "create": 300000000000,
                                "delete": 300000000000
                            }
                        },
                        "tainted": false
                    },
                    "deposed": [],
                    "provider": "provider.aws"
                },
                "aws_route.public_internet_gateway": {
                    "type": "aws_route",
                    "depends_on": [
                        "aws_internet_gateway.this",
                        "aws_route_table.public"
                    ],
                    "primary": {
                        "id": "r-rtb-02936e491dd4a6c191080289494",
                        "attributes": {
                            "destination_cidr_block": "0.0.0.0/0",
                            "destination_prefix_list_id": "",
                            "egress_only_gateway_id": "",
                            "gateway_id": "igw-08389ae604f461e79",
                            "id": "r-rtb-02936e491dd4a6c191080289494",
                            "instance_id": "",
                            "instance_owner_id": "",
                            "nat_gateway_id": "",
                            "network_interface_id": "",
                            "origin": "CreateRoute",
                            "route_table_id": "rtb-02936e491dd4a6c19",
                            "state": "active",
                            "transit_gateway_id": "",
                            "vpc_peering_connection_id": ""
                        },
                        "meta": {
                            "e2bfb730-ecaa-11e6-8f88-34363bc7c4c0": {
                                "create": 300000000000,
                                "delete": 300000000000
                            }
                        },
                        "tainted": false
                    },
                    "deposed": [],
                    "provider": "provider.aws"
                },
                "aws_route_table.private.0": {
                    "type": "aws_route_table",
                    "depends_on": [
                        "aws_vpc.this",
                        "local.max_subnet_length",
                        "local.nat_gateway_count"
                    ],
                    "primary": {
                        "id": "rtb-03b4a2142dd3cc347",
                        "attributes": {
                            "id": "rtb-03b4a2142dd3cc347",
                            "owner_id": "823861797682",
                            "propagating_vgws.#": "0",
                            "route.#": "1",
                            "route.3003222761.cidr_block": "0.0.0.0/0",
                            "route.3003222761.egress_only_gateway_id": "",
                            "route.3003222761.gateway_id": "",
                            "route.3003222761.instance_id": "",
                            "route.3003222761.ipv6_cidr_block": "",
                            "route.3003222761.nat_gateway_id": "nat-0d571553303978f58",
                            "route.3003222761.network_interface_id": "",
                            "route.3003222761.transit_gateway_id": "",
                            "route.3003222761.vpc_peering_connection_id": "",
                            "tags.%": "3",
                            "tags.Environment": "dev",
                            "tags.Name": "companyNews VPC-private-ap-southeast-2a",
                            "tags.Terraform": "true",
                            "vpc_id": "vpc-014506b933b343a82"
                        },
                        "meta": {},
                        "tainted": false
                    },
                    "deposed": [],
                    "provider": "provider.aws"
                },
                "aws_route_table.private.1": {
                    "type": "aws_route_table",
                    "depends_on": [
                        "aws_vpc.this",
                        "local.max_subnet_length",
                        "local.nat_gateway_count"
                    ],
                    "primary": {
                        "id": "rtb-0cb9721985f084f78",
                        "attributes": {
                            "id": "rtb-0cb9721985f084f78",
                            "owner_id": "823861797682",
                            "propagating_vgws.#": "0",
                            "route.#": "1",
                            "route.56614224.cidr_block": "0.0.0.0/0",
                            "route.56614224.egress_only_gateway_id": "",
                            "route.56614224.gateway_id": "",
                            "route.56614224.instance_id": "",
                            "route.56614224.ipv6_cidr_block": "",
                            "route.56614224.nat_gateway_id": "nat-0e3dd165e794a2d7a",
                            "route.56614224.network_interface_id": "",
                            "route.56614224.transit_gateway_id": "",
                            "route.56614224.vpc_peering_connection_id": "",
                            "tags.%": "3",
                            "tags.Environment": "dev",
                            "tags.Name": "companyNews VPC-private-ap-southeast-2b",
                            "tags.Terraform": "true",
                            "vpc_id": "vpc-014506b933b343a82"
                        },
                        "meta": {},
                        "tainted": false
                    },
                    "deposed": [],
                    "provider": "provider.aws"
                },
                "aws_route_table.private.2": {
                    "type": "aws_route_table",
                    "depends_on": [
                        "aws_vpc.this",
                        "local.max_subnet_length",
                        "local.nat_gateway_count"
                    ],
                    "primary": {
                        "id": "rtb-09ea5c5d5e207cd1a",
                        "attributes": {
                            "id": "rtb-09ea5c5d5e207cd1a",
                            "owner_id": "823861797682",
                            "propagating_vgws.#": "0",
                            "route.#": "1",
                            "route.2376321940.cidr_block": "0.0.0.0/0",
                            "route.2376321940.egress_only_gateway_id": "",
                            "route.2376321940.gateway_id": "",
                            "route.2376321940.instance_id": "",
                            "route.2376321940.ipv6_cidr_block": "",
                            "route.2376321940.nat_gateway_id": "nat-084d0a071c6808607",
                            "route.2376321940.network_interface_id": "",
                            "route.2376321940.transit_gateway_id": "",
                            "route.2376321940.vpc_peering_connection_id": "",
                            "tags.%": "3",
                            "tags.Environment": "dev",
                            "tags.Name": "companyNews VPC-private-ap-southeast-2c",
                            "tags.Terraform": "true",
                            "vpc_id": "vpc-014506b933b343a82"
                        },
                        "meta": {},
                        "tainted": false
                    },
                    "deposed": [],
                    "provider": "provider.aws"
                },
                "aws_route_table.public": {
                    "type": "aws_route_table",
                    "depends_on": [
                        "aws_vpc.this"
                    ],
                    "primary": {
                        "id": "rtb-02936e491dd4a6c19",
                        "attributes": {
                            "id": "rtb-02936e491dd4a6c19",
                            "owner_id": "823861797682",
                            "propagating_vgws.#": "0",
                            "route.#": "1",
                            "route.499394368.cidr_block": "0.0.0.0/0",
                            "route.499394368.egress_only_gateway_id": "",
                            "route.499394368.gateway_id": "igw-08389ae604f461e79",
                            "route.499394368.instance_id": "",
                            "route.499394368.ipv6_cidr_block": "",
                            "route.499394368.nat_gateway_id": "",
                            "route.499394368.network_interface_id": "",
                            "route.499394368.transit_gateway_id": "",
                            "route.499394368.vpc_peering_connection_id": "",
                            "tags.%": "3",
                            "tags.Environment": "dev",
                            "tags.Name": "companyNews VPC-public",
                            "tags.Terraform": "true",
                            "vpc_id": "vpc-014506b933b343a82"
                        },
                        "meta": {},
                        "tainted": false
                    },
                    "deposed": [],
                    "provider": "provider.aws"
                },
                "aws_route_table_association.private.0": {
                    "type": "aws_route_table_association",
                    "depends_on": [
                        "aws_route_table.private.*",
                        "aws_subnet.private.*"
                    ],
                    "primary": {
                        "id": "rtbassoc-01148dd0d180f2e34",
                        "attributes": {
                            "id": "rtbassoc-01148dd0d180f2e34",
                            "route_table_id": "rtb-03b4a2142dd3cc347",
                            "subnet_id": "subnet-04fb3173d46dc58ee"
                        },
                        "meta": {},
                        "tainted": false
                    },
                    "deposed": [],
                    "provider": "provider.aws"
                },
                "aws_route_table_association.private.1": {
                    "type": "aws_route_table_association",
                    "depends_on": [
                        "aws_route_table.private.*",
                        "aws_subnet.private.*"
                    ],
                    "primary": {
                        "id": "rtbassoc-09153cf5f8fa0a595",
                        "attributes": {
                            "id": "rtbassoc-09153cf5f8fa0a595",
                            "route_table_id": "rtb-0cb9721985f084f78",
                            "subnet_id": "subnet-02d6a48ce7acf6c3f"
                        },
                        "meta": {},
                        "tainted": false
                    },
                    "deposed": [],
                    "provider": "provider.aws"
                },
                "aws_route_table_association.private.2": {
                    "type": "aws_route_table_association",
                    "depends_on": [
                        "aws_route_table.private.*",
                        "aws_subnet.private.*"
                    ],
                    "primary": {
                        "id": "rtbassoc-0a8d2f9486827c078",
                        "attributes": {
                            "id": "rtbassoc-0a8d2f9486827c078",
                            "route_table_id": "rtb-09ea5c5d5e207cd1a",
                            "subnet_id": "subnet-02f09987218d97e90"
                        },
                        "meta": {},
                        "tainted": false
                    },
                    "deposed": [],
                    "provider": "provider.aws"
                },
                "aws_route_table_association.public.0": {
                    "type": "aws_route_table_association",
                    "depends_on": [
                        "aws_route_table.public",
                        "aws_subnet.public.*"
                    ],
                    "primary": {
                        "id": "rtbassoc-0c8cd2d657e04aefb",
                        "attributes": {
                            "id": "rtbassoc-0c8cd2d657e04aefb",
                            "route_table_id": "rtb-02936e491dd4a6c19",
                            "subnet_id": "subnet-070192fed09f34fbc"
                        },
                        "meta": {},
                        "tainted": false
                    },
                    "deposed": [],
                    "provider": "provider.aws"
                },
                "aws_route_table_association.public.1": {
                    "type": "aws_route_table_association",
                    "depends_on": [
                        "aws_route_table.public",
                        "aws_subnet.public.*"
                    ],
                    "primary": {
                        "id": "rtbassoc-060154ba6f8fc7df6",
                        "attributes": {
                            "id": "rtbassoc-060154ba6f8fc7df6",
                            "route_table_id": "rtb-02936e491dd4a6c19",
                            "subnet_id": "subnet-095f0aaaa3a99d7b4"
                        },
                        "meta": {},
                        "tainted": false
                    },
                    "deposed": [],
                    "provider": "provider.aws"
                },
                "aws_route_table_association.public.2": {
                    "type": "aws_route_table_association",
                    "depends_on": [
                        "aws_route_table.public",
                        "aws_subnet.public.*"
                    ],
                    "primary": {
                        "id": "rtbassoc-085c00bd42ec9afda",
                        "attributes": {
                            "id": "rtbassoc-085c00bd42ec9afda",
                            "route_table_id": "rtb-02936e491dd4a6c19",
                            "subnet_id": "subnet-07bded9a3b6dc0824"
                        },
                        "meta": {},
                        "tainted": false
                    },
                    "deposed": [],
                    "provider": "provider.aws"
                },
                "aws_subnet.private.0": {
                    "type": "aws_subnet",
                    "depends_on": [
                        "aws_vpc.this"
                    ],
                    "primary": {
                        "id": "subnet-04fb3173d46dc58ee",
                        "attributes": {
                            "arn": "arn:aws:ec2:ap-southeast-2:823861797682:subnet/subnet-04fb3173d46dc58ee",
                            "assign_ipv6_address_on_creation": "false",
                            "availability_zone": "ap-southeast-2a",
                            "availability_zone_id": "apse2-az1",
                            "cidr_block": "10.0.1.0/24",
                            "id": "subnet-04fb3173d46dc58ee",
                            "ipv6_cidr_block": "",
                            "ipv6_cidr_block_association_id": "",
                            "map_public_ip_on_launch": "false",
                            "outpost_arn": "",
                            "owner_id": "823861797682",
                            "tags.%": "3",
                            "tags.Environment": "dev",
                            "tags.Name": "companyNews VPC-private-ap-southeast-2a",
                            "tags.Terraform": "true",
                            "vpc_id": "vpc-014506b933b343a82"
                        },
                        "meta": {
                            "e2bfb730-ecaa-11e6-8f88-34363bc7c4c0": {
                                "create": 600000000000,
                                "delete": 1200000000000
                            },
                            "schema_version": "1"
                        },
                        "tainted": false
                    },
                    "deposed": [],
                    "provider": "provider.aws"
                },
                "aws_subnet.private.1": {
                    "type": "aws_subnet",
                    "depends_on": [
                        "aws_vpc.this"
                    ],
                    "primary": {
                        "id": "subnet-02d6a48ce7acf6c3f",
                        "attributes": {
                            "arn": "arn:aws:ec2:ap-southeast-2:823861797682:subnet/subnet-02d6a48ce7acf6c3f",
                            "assign_ipv6_address_on_creation": "false",
                            "availability_zone": "ap-southeast-2b",
                            "availability_zone_id": "apse2-az3",
                            "cidr_block": "10.0.2.0/24",
                            "id": "subnet-02d6a48ce7acf6c3f",
                            "ipv6_cidr_block": "",
                            "ipv6_cidr_block_association_id": "",
                            "map_public_ip_on_launch": "false",
                            "outpost_arn": "",
                            "owner_id": "823861797682",
                            "tags.%": "3",
                            "tags.Environment": "dev",
                            "tags.Name": "companyNews VPC-private-ap-southeast-2b",
                            "tags.Terraform": "true",
                            "vpc_id": "vpc-014506b933b343a82"
                        },
                        "meta": {
                            "e2bfb730-ecaa-11e6-8f88-34363bc7c4c0": {
                                "create": 600000000000,
                                "delete": 1200000000000
                            },
                            "schema_version": "1"
                        },
                        "tainted": false
                    },
                    "deposed": [],
                    "provider": "provider.aws"
                },
                "aws_subnet.private.2": {
                    "type": "aws_subnet",
                    "depends_on": [
                        "aws_vpc.this"
                    ],
                    "primary": {
                        "id": "subnet-02f09987218d97e90",
                        "attributes": {
                            "arn": "arn:aws:ec2:ap-southeast-2:823861797682:subnet/subnet-02f09987218d97e90",
                            "assign_ipv6_address_on_creation": "false",
                            "availability_zone": "ap-southeast-2c",
                            "availability_zone_id": "apse2-az2",
                            "cidr_block": "10.0.3.0/24",
                            "id": "subnet-02f09987218d97e90",
                            "ipv6_cidr_block": "",
                            "ipv6_cidr_block_association_id": "",
                            "map_public_ip_on_launch": "false",
                            "outpost_arn": "",
                            "owner_id": "823861797682",
                            "tags.%": "3",
                            "tags.Environment": "dev",
                            "tags.Name": "companyNews VPC-private-ap-southeast-2c",
                            "tags.Terraform": "true",
                            "vpc_id": "vpc-014506b933b343a82"
                        },
                        "meta": {
                            "e2bfb730-ecaa-11e6-8f88-34363bc7c4c0": {
                                "create": 600000000000,
                                "delete": 1200000000000
                            },
                            "schema_version": "1"
                        },
                        "tainted": false
                    },
                    "deposed": [],
                    "provider": "provider.aws"
                },
                "aws_subnet.public.0": {
                    "type": "aws_subnet",
                    "depends_on": [
                        "aws_vpc.this"
                    ],
                    "primary": {
                        "id": "subnet-070192fed09f34fbc",
                        "attributes": {
                            "arn": "arn:aws:ec2:ap-southeast-2:823861797682:subnet/subnet-070192fed09f34fbc",
                            "assign_ipv6_address_on_creation": "false",
                            "availability_zone": "ap-southeast-2a",
                            "availability_zone_id": "apse2-az1",
                            "cidr_block": "10.0.101.0/24",
                            "id": "subnet-070192fed09f34fbc",
                            "ipv6_cidr_block": "",
                            "ipv6_cidr_block_association_id": "",
                            "map_public_ip_on_launch": "false",
                            "outpost_arn": "",
                            "owner_id": "823861797682",
                            "tags.%": "3",
                            "tags.Environment": "dev",
                            "tags.Name": "companyNews VPC-public-ap-southeast-2a",
                            "tags.Terraform": "true",
                            "vpc_id": "vpc-014506b933b343a82"
                        },
                        "meta": {
                            "e2bfb730-ecaa-11e6-8f88-34363bc7c4c0": {
                                "create": 600000000000,
                                "delete": 1200000000000
                            },
                            "schema_version": "1"
                        },
                        "tainted": false
                    },
                    "deposed": [],
                    "provider": "provider.aws"
                },
                "aws_subnet.public.1": {
                    "type": "aws_subnet",
                    "depends_on": [
                        "aws_vpc.this"
                    ],
                    "primary": {
                        "id": "subnet-095f0aaaa3a99d7b4",
                        "attributes": {
                            "arn": "arn:aws:ec2:ap-southeast-2:823861797682:subnet/subnet-095f0aaaa3a99d7b4",
                            "assign_ipv6_address_on_creation": "false",
                            "availability_zone": "ap-southeast-2b",
                            "availability_zone_id": "apse2-az3",
                            "cidr_block": "10.0.102.0/24",
                            "id": "subnet-095f0aaaa3a99d7b4",
                            "ipv6_cidr_block": "",
                            "ipv6_cidr_block_association_id": "",
                            "map_public_ip_on_launch": "false",
                            "outpost_arn": "",
                            "owner_id": "823861797682",
                            "tags.%": "3",
                            "tags.Environment": "dev",
                            "tags.Name": "companyNews VPC-public-ap-southeast-2b",
                            "tags.Terraform": "true",
                            "vpc_id": "vpc-014506b933b343a82"
                        },
                        "meta": {
                            "e2bfb730-ecaa-11e6-8f88-34363bc7c4c0": {
                                "create": 600000000000,
                                "delete": 1200000000000
                            },
                            "schema_version": "1"
                        },
                        "tainted": false
                    },
                    "deposed": [],
                    "provider": "provider.aws"
                },
                "aws_subnet.public.2": {
                    "type": "aws_subnet",
                    "depends_on": [
                        "aws_vpc.this"
                    ],
                    "primary": {
                        "id": "subnet-07bded9a3b6dc0824",
                        "attributes": {
                            "arn": "arn:aws:ec2:ap-southeast-2:823861797682:subnet/subnet-07bded9a3b6dc0824",
                            "assign_ipv6_address_on_creation": "false",
                            "availability_zone": "ap-southeast-2c",
                            "availability_zone_id": "apse2-az2",
                            "cidr_block": "10.0.103.0/24",
                            "id": "subnet-07bded9a3b6dc0824",
                            "ipv6_cidr_block": "",
                            "ipv6_cidr_block_association_id": "",
                            "map_public_ip_on_launch": "false",
                            "outpost_arn": "",
                            "owner_id": "823861797682",
                            "tags.%": "3",
                            "tags.Environment": "dev",
                            "tags.Name": "companyNews VPC-public-ap-southeast-2c",
                            "tags.Terraform": "true",
                            "vpc_id": "vpc-014506b933b343a82"
                        },
                        "meta": {
                            "e2bfb730-ecaa-11e6-8f88-34363bc7c4c0": {
                                "create": 600000000000,
                                "delete": 1200000000000
                            },
                            "schema_version": "1"
                        },
                        "tainted": false
                    },
                    "deposed": [],
                    "provider": "provider.aws"
                },
                "aws_vpc.this": {
                    "type": "aws_vpc",
                    "depends_on": [],
                    "primary": {
                        "id": "vpc-014506b933b343a82",
                        "attributes": {
                            "arn": "arn:aws:ec2:ap-southeast-2:823861797682:vpc/vpc-014506b933b343a82",
                            "assign_generated_ipv6_cidr_block": "false",
                            "cidr_block": "10.0.0.0/16",
                            "default_network_acl_id": "acl-0da59939766046e9f",
                            "default_route_table_id": "rtb-0f6040524d63e74f2",
                            "default_security_group_id": "sg-011b3195bac8b46d3",
                            "dhcp_options_id": "dopt-bbc3e8dc",
                            "enable_classiclink": "false",
                            "enable_classiclink_dns_support": "false",
                            "enable_dns_hostnames": "true",
                            "enable_dns_support": "true",
                            "id": "vpc-014506b933b343a82",
                            "instance_tenancy": "default",
                            "ipv6_association_id": "",
                            "ipv6_cidr_block": "",
                            "main_route_table_id": "rtb-0f6040524d63e74f2",
                            "owner_id": "823861797682",
                            "tags.%": "3",
                            "tags.Environment": "dev",
                            "tags.Name": "companyNews VPC",
                            "tags.Terraform": "true"
                        },
                        "meta": {
                            "schema_version": "1"
                        },
                        "tainted": false
                    },
                    "deposed": [],
                    "provider": "provider.aws"
                }
            },
            "depends_on": []
        }
    ]
}
