{
    "version": 3,
    "terraform_version": "0.11.0",
    "serial": 45,
    "lineage": "03dabf79-9f6b-4003-8648-a57d14804def",
    "modules": [
        {
            "path": [
                "root"
            ],
            "outputs": {
                "alb_dns_name": {
                    "sensitive": false,
                    "type": "string",
                    "value": "companyNews-ALB-2096939401.ap-southeast-2.elb.amazonaws.com"
                },
                "alb_zone_id": {
                    "sensitive": false,
                    "type": "string",
                    "value": "Z1GM3OXH4ZPM65"
                }
            },
            "resources": {
                "aws_alb.main": {
                    "type": "aws_alb",
                    "depends_on": [
                        "module.alb_sg",
                        "module.vpc"
                    ],
                    "primary": {
                        "id": "arn:aws:elasticloadbalancing:ap-southeast-2:823861797682:loadbalancer/app/companyNews-ALB/2b52bd63d245f841",
                        "attributes": {
                            "access_logs.#": "1",
                            "access_logs.0.bucket": "",
                            "access_logs.0.enabled": "false",
                            "access_logs.0.prefix": "",
                            "arn": "arn:aws:elasticloadbalancing:ap-southeast-2:823861797682:loadbalancer/app/companyNews-ALB/2b52bd63d245f841",
                            "arn_suffix": "app/companyNews-ALB/2b52bd63d245f841",
                            "dns_name": "companyNews-ALB-2096939401.ap-southeast-2.elb.amazonaws.com",
                            "drop_invalid_header_fields": "false",
                            "enable_deletion_protection": "false",
                            "enable_http2": "true",
                            "id": "arn:aws:elasticloadbalancing:ap-southeast-2:823861797682:loadbalancer/app/companyNews-ALB/2b52bd63d245f841",
                            "idle_timeout": "60",
                            "internal": "false",
                            "ip_address_type": "ipv4",
                            "load_balancer_type": "application",
                            "name": "companyNews-ALB",
                            "security_groups.#": "1",
                            "security_groups.1597340506": "sg-003ec550030f8d94d",
                            "subnet_mapping.#": "3",
                            "subnet_mapping.2048042169.allocation_id": "",
                            "subnet_mapping.2048042169.subnet_id": "subnet-020566c4e8116f25e",
                            "subnet_mapping.3616530236.allocation_id": "",
                            "subnet_mapping.3616530236.subnet_id": "subnet-049dd18129ee57800",
                            "subnet_mapping.4105851687.allocation_id": "",
                            "subnet_mapping.4105851687.subnet_id": "subnet-0182bfc74c08f09ea",
                            "subnets.#": "3",
                            "subnets.1636566557": "subnet-0182bfc74c08f09ea",
                            "subnets.2006212992": "subnet-020566c4e8116f25e",
                            "subnets.2372379370": "subnet-049dd18129ee57800",
                            "tags.%": "0",
                            "vpc_id": "vpc-009cb28ce2505d9ad",
                            "zone_id": "Z1GM3OXH4ZPM65"
                        },
                        "meta": {
                            "e2bfb730-ecaa-11e6-8f88-34363bc7c4c0": {
                                "create": 600000000000,
                                "delete": 600000000000,
                                "update": 600000000000
                            }
                        },
                        "tainted": false
                    },
                    "deposed": [],
                    "provider": "provider.aws"
                },
                "aws_alb_listener.http": {
                    "type": "aws_alb_listener",
                    "depends_on": [
                        "aws_alb.main",
                        "aws_alb_target_group.main"
                    ],
                    "primary": {
                        "id": "arn:aws:elasticloadbalancing:ap-southeast-2:823861797682:listener/app/companyNews-ALB/2b52bd63d245f841/245a3c948fcff711",
                        "attributes": {
                            "arn": "arn:aws:elasticloadbalancing:ap-southeast-2:823861797682:listener/app/companyNews-ALB/2b52bd63d245f841/245a3c948fcff711",
                            "default_action.#": "1",
                            "default_action.0.authenticate_cognito.#": "0",
                            "default_action.0.authenticate_oidc.#": "0",
                            "default_action.0.fixed_response.#": "0",
                            "default_action.0.forward.#": "0",
                            "default_action.0.order": "1",
                            "default_action.0.redirect.#": "0",
                            "default_action.0.target_group_arn": "arn:aws:elasticloadbalancing:ap-southeast-2:823861797682:targetgroup/companyNews-TG-HTTP/8c2bfc6d95a84492",
                            "default_action.0.type": "forward",
                            "id": "arn:aws:elasticloadbalancing:ap-southeast-2:823861797682:listener/app/companyNews-ALB/2b52bd63d245f841/245a3c948fcff711",
                            "load_balancer_arn": "arn:aws:elasticloadbalancing:ap-southeast-2:823861797682:loadbalancer/app/companyNews-ALB/2b52bd63d245f841",
                            "port": "80",
                            "protocol": "HTTP",
                            "ssl_policy": ""
                        },
                        "meta": {
                            "e2bfb730-ecaa-11e6-8f88-34363bc7c4c0": {
                                "read": 600000000000
                            }
                        },
                        "tainted": false
                    },
                    "deposed": [],
                    "provider": "provider.aws"
                },
                "aws_alb_target_group.main": {
                    "type": "aws_alb_target_group",
                    "depends_on": [
                        "module.vpc"
                    ],
                    "primary": {
                        "id": "arn:aws:elasticloadbalancing:ap-southeast-2:823861797682:targetgroup/companyNews-TG-HTTP/8c2bfc6d95a84492",
                        "attributes": {
                            "arn": "arn:aws:elasticloadbalancing:ap-southeast-2:823861797682:targetgroup/companyNews-TG-HTTP/8c2bfc6d95a84492",
                            "arn_suffix": "targetgroup/companyNews-TG-HTTP/8c2bfc6d95a84492",
                            "deregistration_delay": "300",
                            "health_check.#": "1",
                            "health_check.0.enabled": "true",
                            "health_check.0.healthy_threshold": "3",
                            "health_check.0.interval": "30",
                            "health_check.0.matcher": "200,404",
                            "health_check.0.path": "/",
                            "health_check.0.port": "traffic-port",
                            "health_check.0.protocol": "HTTP",
                            "health_check.0.timeout": "5",
                            "health_check.0.unhealthy_threshold": "3",
                            "id": "arn:aws:elasticloadbalancing:ap-southeast-2:823861797682:targetgroup/companyNews-TG-HTTP/8c2bfc6d95a84492",
                            "lambda_multi_value_headers_enabled": "false",
                            "load_balancing_algorithm_type": "round_robin",
                            "name": "companyNews-TG-HTTP",
                            "port": "8080",
                            "protocol": "HTTP",
                            "proxy_protocol_v2": "false",
                            "slow_start": "0",
                            "stickiness.#": "1",
                            "stickiness.0.cookie_duration": "86400",
                            "stickiness.0.enabled": "true",
                            "stickiness.0.type": "lb_cookie",
                            "tags.%": "0",
                            "target_type": "instance",
                            "vpc_id": "vpc-009cb28ce2505d9ad"
                        },
                        "meta": {},
                        "tainted": false
                    },
                    "deposed": [],
                    "provider": "provider.aws"
                },
                "aws_autoscaling_attachment.asg_attachment_bar": {
                    "type": "aws_autoscaling_attachment",
                    "depends_on": [
                        "aws_alb_target_group.main"
                    ],
                    "primary": {
                        "id": "companyNews-ASG-1LRIN3PUU75L8-20200621105028332400000001",
                        "attributes": {
                            "alb_target_group_arn": "arn:aws:elasticloadbalancing:ap-southeast-2:823861797682:targetgroup/companyNews-TG-HTTP/8c2bfc6d95a84492",
                            "autoscaling_group_name": "companyNews-ASG-1LRIN3PUU75L8",
                            "id": "companyNews-ASG-1LRIN3PUU75L8-20200621105028332400000001"
                        },
                        "meta": {},
                        "tainted": false
                    },
                    "deposed": [],
                    "provider": "provider.aws"
                },
                "aws_cloudformation_stack.autoscaling_group": {
                    "type": "aws_cloudformation_stack",
                    "depends_on": [
                        "aws_launch_configuration.lc_blue",
                        "data.aws_availability_zones.available",
                        "module.vpc"
                    ],
                    "primary": {
                        "id": "arn:aws:cloudformation:ap-southeast-2:823861797682:stack/companyNews/23b3cc30-b39b-11ea-bd9c-0ad2fa41fde2",
                        "attributes": {
                            "disable_rollback": "false",
                            "iam_role_arn": "",
                            "id": "arn:aws:cloudformation:ap-southeast-2:823861797682:stack/companyNews/23b3cc30-b39b-11ea-bd9c-0ad2fa41fde2",
                            "name": "companyNews",
                            "outputs.%": "0",
                            "parameters.%": "0",
                            "tags.%": "0",
                            "template_body": "Description: \"description\"\nResources:\n  ASG:\n    Type: AWS::AutoScaling::AutoScalingGroup\n    Properties:\n      VPCZoneIdentifier: [\"subnet-01ec311c4b1ccf7ea\",\"subnet-0ea794cb8594f2ed5\",\"subnet-09638a32201337809\"]\n      AvailabilityZones: [\"ap-southeast-2a\",\"ap-southeast-2b\",\"ap-southeast-2c\"]\n      LaunchConfigurationName: \"lc_blue\"\n      MinSize: \"3\"\n      MaxSize: \"5\"\n      DesiredCapacity: \"4\"\n      HealthCheckType: EC2\n    UpdatePolicy:\n      AutoScalingScheduledAction:\n        IgnoreUnmodifiedGroupSizeProperties: 'true'\n      AutoScalingRollingUpdate:\n        MinInstancesInService: '2'\n        MaxBatchSize: '1'\n        WaitOnResourceSignals: 'false'\n        PauseTime: PT1M\n"
                        },
                        "meta": {
                            "e2bfb730-ecaa-11e6-8f88-34363bc7c4c0": {
                                "create": 1800000000000,
                                "delete": 1800000000000,
                                "update": 1800000000000
                            }
                        },
                        "tainted": false
                    },
                    "deposed": [],
                    "provider": "provider.aws"
                },
                "aws_instance.bastion": {
                    "type": "aws_instance",
                    "depends_on": [
                        "aws_security_group.bastion",
                        "data.aws_ami.ubuntu",
                        "data.template_file.bastion_user_data",
                        "module.vpc"
                    ],
                    "primary": {
                        "id": "i-0425250cdc193ce15",
                        "attributes": {
                            "ami": "ami-0caee806a0c3782c4",
                            "arn": "arn:aws:ec2:ap-southeast-2:823861797682:instance/i-0425250cdc193ce15",
                            "associate_public_ip_address": "true",
                            "availability_zone": "ap-southeast-2a",
                            "cpu_core_count": "1",
                            "cpu_threads_per_core": "1",
                            "credit_specification.#": "1",
                            "credit_specification.0.cpu_credits": "standard",
                            "disable_api_termination": "false",
                            "ebs_block_device.#": "0",
                            "ebs_optimized": "false",
                            "ephemeral_block_device.#": "0",
                            "get_password_data": "false",
                            "hibernation": "false",
                            "iam_instance_profile": "",
                            "id": "i-0425250cdc193ce15",
                            "instance_state": "running",
                            "instance_type": "t2.micro",
                            "ipv6_address_count": "0",
                            "ipv6_addresses.#": "0",
                            "key_name": "phil-macbook",
                            "metadata_options.#": "1",
                            "metadata_options.0.http_endpoint": "enabled",
                            "metadata_options.0.http_put_response_hop_limit": "1",
                            "metadata_options.0.http_tokens": "optional",
                            "monitoring": "false",
                            "network_interface.#": "0",
                            "outpost_arn": "",
                            "password_data": "",
                            "placement_group": "",
                            "primary_network_interface_id": "eni-0d0686dd20c2cd964",
                            "private_dns": "ip-10-0-101-45.ap-southeast-2.compute.internal",
                            "private_ip": "10.0.101.45",
                            "public_dns": "ec2-54-206-111-84.ap-southeast-2.compute.amazonaws.com",
                            "public_ip": "54.206.111.84",
                            "root_block_device.#": "1",
                            "root_block_device.0.delete_on_termination": "true",
                            "root_block_device.0.device_name": "/dev/sda1",
                            "root_block_device.0.encrypted": "false",
                            "root_block_device.0.iops": "100",
                            "root_block_device.0.kms_key_id": "",
                            "root_block_device.0.volume_id": "vol-0746aaf52ffc0d15e",
                            "root_block_device.0.volume_size": "8",
                            "root_block_device.0.volume_type": "gp2",
                            "security_groups.#": "0",
                            "source_dest_check": "true",
                            "subnet_id": "subnet-049dd18129ee57800",
                            "tags.%": "1",
                            "tags.Name": "Bastion",
                            "tenancy": "default",
                            "user_data": "eed717fcb30cd17c0add5d547074d8082dff0b5f",
                            "volume_tags.%": "0",
                            "vpc_security_group_ids.#": "1",
                            "vpc_security_group_ids.1155996900": "sg-0f8f36e94c2dc8f23"
                        },
                        "meta": {
                            "e2bfb730-ecaa-11e6-8f88-34363bc7c4c0": {
                                "create": 600000000000,
                                "delete": 1200000000000,
                                "update": 600000000000
                            },
                            "schema_version": "1"
                        },
                        "tainted": false
                    },
                    "deposed": [],
                    "provider": "provider.aws"
                },
                "aws_launch_configuration.lc_blue": {
                    "type": "aws_launch_configuration",
                    "depends_on": [
                        "aws_security_group.all_from_bastion",
                        "aws_security_group.asg_sg",
                        "data.aws_ami.tomcat_ami",
                        "data.template_file.asg_user_data"
                    ],
                    "primary": {
                        "id": "lc_blue",
                        "attributes": {
                            "arn": "arn:aws:autoscaling:ap-southeast-2:823861797682:launchConfiguration:aaf850ad-d87c-46cc-9dd6-4f58f1d6ef32:launchConfigurationName/lc_blue",
                            "associate_public_ip_address": "false",
                            "ebs_block_device.#": "0",
                            "ebs_optimized": "false",
                            "enable_monitoring": "true",
                            "ephemeral_block_device.#": "0",
                            "iam_instance_profile": "",
                            "id": "lc_blue",
                            "image_id": "ami-07756055d3824cc29",
                            "instance_type": "t2.micro",
                            "key_name": "phil-macbook",
                            "name": "lc_blue",
                            "root_block_device.#": "0",
                            "security_groups.#": "2",
                            "security_groups.1101296459": "sg-0d03dc31a8a4145e3",
                            "security_groups.3543322906": "sg-0ad3858f177b80228",
                            "spot_price": "",
                            "user_data": "21334cef3ecb1f7c55078fa96f2ae264c770bb3c",
                            "vpc_classic_link_id": "",
                            "vpc_classic_link_security_groups.#": "0"
                        },
                        "meta": {},
                        "tainted": false
                    },
                    "deposed": [],
                    "provider": "provider.aws"
                },
                "aws_launch_configuration.lc_green": {
                    "type": "aws_launch_configuration",
                    "depends_on": [
                        "aws_security_group.all_from_bastion",
                        "aws_security_group.asg_sg",
                        "data.aws_ami.tomcat_ami",
                        "data.template_file.asg_user_data"
                    ],
                    "primary": {
                        "id": "lc_green",
                        "attributes": {
                            "arn": "arn:aws:autoscaling:ap-southeast-2:823861797682:launchConfiguration:659471f0-8d09-4c75-b28d-efa3e5af609b:launchConfigurationName/lc_green",
                            "associate_public_ip_address": "false",
                            "ebs_block_device.#": "0",
                            "ebs_optimized": "false",
                            "enable_monitoring": "true",
                            "ephemeral_block_device.#": "0",
                            "iam_instance_profile": "",
                            "id": "lc_green",
                            "image_id": "ami-07756055d3824cc29",
                            "instance_type": "t2.micro",
                            "key_name": "phil-macbook",
                            "name": "lc_green",
                            "root_block_device.#": "0",
                            "security_groups.#": "2",
                            "security_groups.1101296459": "sg-0d03dc31a8a4145e3",
                            "security_groups.3543322906": "sg-0ad3858f177b80228",
                            "spot_price": "",
                            "user_data": "21334cef3ecb1f7c55078fa96f2ae264c770bb3c",
                            "vpc_classic_link_id": "",
                            "vpc_classic_link_security_groups.#": "0"
                        },
                        "meta": {},
                        "tainted": false
                    },
                    "deposed": [],
                    "provider": "provider.aws"
                },
                "aws_security_group.all_from_bastion": {
                    "type": "aws_security_group",
                    "depends_on": [
                        "aws_security_group.bastion",
                        "module.vpc"
                    ],
                    "primary": {
                        "id": "sg-0ad3858f177b80228",
                        "attributes": {
                            "arn": "arn:aws:ec2:ap-southeast-2:823861797682:security-group/sg-0ad3858f177b80228",
                            "description": "Managed by Terraform",
                            "egress.#": "0",
                            "id": "sg-0ad3858f177b80228",
                            "ingress.#": "1",
                            "ingress.329062982.cidr_blocks.#": "0",
                            "ingress.329062982.description": "all from bastion",
                            "ingress.329062982.from_port": "0",
                            "ingress.329062982.ipv6_cidr_blocks.#": "0",
                            "ingress.329062982.prefix_list_ids.#": "0",
                            "ingress.329062982.protocol": "-1",
                            "ingress.329062982.security_groups.#": "1",
                            "ingress.329062982.security_groups.1155996900": "sg-0f8f36e94c2dc8f23",
                            "ingress.329062982.self": "false",
                            "ingress.329062982.to_port": "0",
                            "name": "companyNews-From-Bastion-SG",
                            "owner_id": "823861797682",
                            "revoke_rules_on_delete": "false",
                            "tags.%": "0",
                            "vpc_id": "vpc-009cb28ce2505d9ad"
                        },
                        "meta": {
                            "e2bfb730-ecaa-11e6-8f88-34363bc7c4c0": {
                                "create": 600000000000,
                                "delete": 600000000000
                            },
                            "schema_version": "1"
                        },
                        "tainted": false
                    },
                    "deposed": [],
                    "provider": "provider.aws"
                },
                "aws_security_group.asg_sg": {
                    "type": "aws_security_group",
                    "depends_on": [
                        "module.alb_sg",
                        "module.vpc"
                    ],
                    "primary": {
                        "id": "sg-0d03dc31a8a4145e3",
                        "attributes": {
                            "arn": "arn:aws:ec2:ap-southeast-2:823861797682:security-group/sg-0d03dc31a8a4145e3",
                            "description": "Managed by Terraform",
                            "egress.#": "1",
                            "egress.2442053491.cidr_blocks.#": "1",
                            "egress.2442053491.cidr_blocks.0": "0.0.0.0/0",
                            "egress.2442053491.description": "all outbound",
                            "egress.2442053491.from_port": "0",
                            "egress.2442053491.ipv6_cidr_blocks.#": "0",
                            "egress.2442053491.prefix_list_ids.#": "0",
                            "egress.2442053491.protocol": "-1",
                            "egress.2442053491.security_groups.#": "0",
                            "egress.2442053491.self": "false",
                            "egress.2442053491.to_port": "0",
                            "id": "sg-0d03dc31a8a4145e3",
                            "ingress.#": "1",
                            "ingress.3117292125.cidr_blocks.#": "0",
                            "ingress.3117292125.description": "all from self + alb",
                            "ingress.3117292125.from_port": "0",
                            "ingress.3117292125.ipv6_cidr_blocks.#": "0",
                            "ingress.3117292125.prefix_list_ids.#": "0",
                            "ingress.3117292125.protocol": "-1",
                            "ingress.3117292125.security_groups.#": "1",
                            "ingress.3117292125.security_groups.1597340506": "sg-003ec550030f8d94d",
                            "ingress.3117292125.self": "true",
                            "ingress.3117292125.to_port": "0",
                            "name": "companyNews-ASG-SG",
                            "owner_id": "823861797682",
                            "revoke_rules_on_delete": "false",
                            "tags.%": "1",
                            "tags.Name": "companyNews-ASG-SG",
                            "vpc_id": "vpc-009cb28ce2505d9ad"
                        },
                        "meta": {
                            "e2bfb730-ecaa-11e6-8f88-34363bc7c4c0": {
                                "create": 600000000000,
                                "delete": 600000000000
                            },
                            "schema_version": "1"
                        },
                        "tainted": false
                    },
                    "deposed": [],
                    "provider": "provider.aws"
                },
                "aws_security_group.bastion": {
                    "type": "aws_security_group",
                    "depends_on": [
                        "module.vpc"
                    ],
                    "primary": {
                        "id": "sg-0f8f36e94c2dc8f23",
                        "attributes": {
                            "arn": "arn:aws:ec2:ap-southeast-2:823861797682:security-group/sg-0f8f36e94c2dc8f23",
                            "description": "Managed by Terraform",
                            "egress.#": "1",
                            "egress.2442053491.cidr_blocks.#": "1",
                            "egress.2442053491.cidr_blocks.0": "0.0.0.0/0",
                            "egress.2442053491.description": "all outbound",
                            "egress.2442053491.from_port": "0",
                            "egress.2442053491.ipv6_cidr_blocks.#": "0",
                            "egress.2442053491.prefix_list_ids.#": "0",
                            "egress.2442053491.protocol": "-1",
                            "egress.2442053491.security_groups.#": "0",
                            "egress.2442053491.self": "false",
                            "egress.2442053491.to_port": "0",
                            "id": "sg-0f8f36e94c2dc8f23",
                            "ingress.#": "1",
                            "ingress.1332985769.cidr_blocks.#": "1",
                            "ingress.1332985769.cidr_blocks.0": "0.0.0.0/0",
                            "ingress.1332985769.description": "ssh",
                            "ingress.1332985769.from_port": "22",
                            "ingress.1332985769.ipv6_cidr_blocks.#": "0",
                            "ingress.1332985769.prefix_list_ids.#": "0",
                            "ingress.1332985769.protocol": "tcp",
                            "ingress.1332985769.security_groups.#": "0",
                            "ingress.1332985769.self": "false",
                            "ingress.1332985769.to_port": "22",
                            "name": "companyNews-Bastion-SG",
                            "owner_id": "823861797682",
                            "revoke_rules_on_delete": "false",
                            "tags.%": "1",
                            "tags.Name": "companyNews-Bastion-SG",
                            "vpc_id": "vpc-009cb28ce2505d9ad"
                        },
                        "meta": {
                            "e2bfb730-ecaa-11e6-8f88-34363bc7c4c0": {
                                "create": 600000000000,
                                "delete": 600000000000
                            },
                            "schema_version": "1"
                        },
                        "tainted": false
                    },
                    "deposed": [],
                    "provider": "provider.aws"
                },
                "data.aws_ami.springboot_ami": {
                    "type": "aws_ami",
                    "depends_on": [],
                    "primary": {
                        "id": "ami-0af18dba5e6fcaca2",
                        "attributes": {
                            "architecture": "x86_64",
                            "block_device_mappings.#": "1",
                            "block_device_mappings.1270490221.device_name": "/dev/sda1",
                            "block_device_mappings.1270490221.ebs.%": "6",
                            "block_device_mappings.1270490221.ebs.delete_on_termination": "false",
                            "block_device_mappings.1270490221.ebs.encrypted": "false",
                            "block_device_mappings.1270490221.ebs.iops": "0",
                            "block_device_mappings.1270490221.ebs.snapshot_id": "snap-070cf88a9500c6d6d",
                            "block_device_mappings.1270490221.ebs.volume_size": "8",
                            "block_device_mappings.1270490221.ebs.volume_type": "gp2",
                            "block_device_mappings.1270490221.no_device": "",
                            "block_device_mappings.1270490221.virtual_name": "",
                            "creation_date": "2020-06-20T12:24:32.000Z",
                            "filter.#": "1",
                            "filter.570833508.name": "name",
                            "filter.570833508.values.#": "1",
                            "filter.570833508.values.0": "springboot-ami",
                            "hypervisor": "xen",
                            "id": "ami-0af18dba5e6fcaca2",
                            "image_id": "ami-0af18dba5e6fcaca2",
                            "image_location": "823861797682/springboot-ami",
                            "image_type": "machine",
                            "most_recent": "true",
                            "name": "springboot-ami",
                            "owner_id": "823861797682",
                            "owners.#": "1",
                            "owners.0": "823861797682",
                            "product_codes.#": "1",
                            "product_codes.347650389.product_code_id": "aw0evgkw8e5c1q413zgy5pjce",
                            "product_codes.347650389.product_code_type": "marketplace",
                            "public": "false",
                            "root_device_name": "/dev/sda1",
                            "root_device_type": "ebs",
                            "root_snapshot_id": "snap-070cf88a9500c6d6d",
                            "sriov_net_support": "simple",
                            "state": "available",
                            "state_reason.%": "2",
                            "state_reason.code": "UNSET",
                            "state_reason.message": "UNSET",
                            "tags.%": "0",
                            "virtualization_type": "hvm"
                        },
                        "meta": {},
                        "tainted": false
                    },
                    "deposed": [],
                    "provider": "provider.aws"
                },
                "data.aws_ami.tomcat_ami": {
                    "type": "aws_ami",
                    "depends_on": [],
                    "primary": {
                        "id": "ami-07756055d3824cc29",
                        "attributes": {
                            "architecture": "x86_64",
                            "block_device_mappings.#": "1",
                            "block_device_mappings.1270490221.device_name": "/dev/sda1",
                            "block_device_mappings.1270490221.ebs.%": "6",
                            "block_device_mappings.1270490221.ebs.delete_on_termination": "false",
                            "block_device_mappings.1270490221.ebs.encrypted": "false",
                            "block_device_mappings.1270490221.ebs.iops": "0",
                            "block_device_mappings.1270490221.ebs.snapshot_id": "snap-06e61b66aa590c915",
                            "block_device_mappings.1270490221.ebs.volume_size": "8",
                            "block_device_mappings.1270490221.ebs.volume_type": "gp2",
                            "block_device_mappings.1270490221.no_device": "",
                            "block_device_mappings.1270490221.virtual_name": "",
                            "creation_date": "2020-06-20T23:29:54.000Z",
                            "filter.#": "1",
                            "filter.1574790195.name": "name",
                            "filter.1574790195.values.#": "1",
                            "filter.1574790195.values.0": "tomcat-ami",
                            "hypervisor": "xen",
                            "id": "ami-07756055d3824cc29",
                            "image_id": "ami-07756055d3824cc29",
                            "image_location": "823861797682/tomcat-ami",
                            "image_type": "machine",
                            "most_recent": "true",
                            "name": "tomcat-ami",
                            "owner_id": "823861797682",
                            "owners.#": "1",
                            "owners.0": "823861797682",
                            "product_codes.#": "1",
                            "product_codes.347650389.product_code_id": "aw0evgkw8e5c1q413zgy5pjce",
                            "product_codes.347650389.product_code_type": "marketplace",
                            "public": "false",
                            "root_device_name": "/dev/sda1",
                            "root_device_type": "ebs",
                            "root_snapshot_id": "snap-06e61b66aa590c915",
                            "sriov_net_support": "simple",
                            "state": "available",
                            "state_reason.%": "2",
                            "state_reason.code": "UNSET",
                            "state_reason.message": "UNSET",
                            "tags.%": "0",
                            "virtualization_type": "hvm"
                        },
                        "meta": {},
                        "tainted": false
                    },
                    "deposed": [],
                    "provider": "provider.aws"
                },
                "data.aws_ami.ubuntu": {
                    "type": "aws_ami",
                    "depends_on": [],
                    "primary": {
                        "id": "ami-0caee806a0c3782c4",
                        "attributes": {
                            "architecture": "x86_64",
                            "block_device_mappings.#": "3",
                            "block_device_mappings.1634610537.device_name": "/dev/sdb",
                            "block_device_mappings.1634610537.ebs.%": "0",
                            "block_device_mappings.1634610537.no_device": "",
                            "block_device_mappings.1634610537.virtual_name": "ephemeral0",
                            "block_device_mappings.2547816212.device_name": "/dev/sda1",
                            "block_device_mappings.2547816212.ebs.%": "6",
                            "block_device_mappings.2547816212.ebs.delete_on_termination": "true",
                            "block_device_mappings.2547816212.ebs.encrypted": "false",
                            "block_device_mappings.2547816212.ebs.iops": "0",
                            "block_device_mappings.2547816212.ebs.snapshot_id": "snap-0ef43a0c57336518e",
                            "block_device_mappings.2547816212.ebs.volume_size": "8",
                            "block_device_mappings.2547816212.ebs.volume_type": "gp2",
                            "block_device_mappings.2547816212.no_device": "",
                            "block_device_mappings.2547816212.virtual_name": "",
                            "block_device_mappings.3850042718.device_name": "/dev/sdc",
                            "block_device_mappings.3850042718.ebs.%": "0",
                            "block_device_mappings.3850042718.no_device": "",
                            "block_device_mappings.3850042718.virtual_name": "ephemeral1",
                            "creation_date": "2019-11-11T13:13:04.000Z",
                            "description": "Canonical, Ubuntu, 14.04 LTS, amd64 trusty image build on 2019-11-07",
                            "filter.#": "2",
                            "filter.4182425345.name": "name",
                            "filter.4182425345.values.#": "1",
                            "filter.4182425345.values.0": "ubuntu/images/hvm-ssd/ubuntu-trusty-14.04-amd64-server-*",
                            "filter.490168357.name": "virtualization-type",
                            "filter.490168357.values.#": "1",
                            "filter.490168357.values.0": "hvm",
                            "hypervisor": "xen",
                            "id": "ami-0caee806a0c3782c4",
                            "image_id": "ami-0caee806a0c3782c4",
                            "image_location": "099720109477/ubuntu/images/hvm-ssd/ubuntu-trusty-14.04-amd64-server-20191107",
                            "image_type": "machine",
                            "most_recent": "true",
                            "name": "ubuntu/images/hvm-ssd/ubuntu-trusty-14.04-amd64-server-20191107",
                            "owner_id": "099720109477",
                            "owners.#": "1",
                            "owners.0": "099720109477",
                            "product_codes.#": "0",
                            "public": "true",
                            "root_device_name": "/dev/sda1",
                            "root_device_type": "ebs",
                            "root_snapshot_id": "snap-0ef43a0c57336518e",
                            "sriov_net_support": "simple",
                            "state": "available",
                            "state_reason.%": "2",
                            "state_reason.code": "UNSET",
                            "state_reason.message": "UNSET",
                            "tags.%": "0",
                            "virtualization_type": "hvm"
                        },
                        "meta": {},
                        "tainted": false
                    },
                    "deposed": [],
                    "provider": "provider.aws"
                },
                "data.aws_availability_zones.available": {
                    "type": "aws_availability_zones",
                    "depends_on": [],
                    "primary": {
                        "id": "2020-06-21 11:21:17.050904 +0000 UTC",
                        "attributes": {
                            "group_names.#": "1",
                            "group_names.806693212": "ap-southeast-2",
                            "id": "2020-06-21 11:21:17.050904 +0000 UTC",
                            "names.#": "3",
                            "names.0": "ap-southeast-2a",
                            "names.1": "ap-southeast-2b",
                            "names.2": "ap-southeast-2c",
                            "zone_ids.#": "3",
                            "zone_ids.0": "apse2-az1",
                            "zone_ids.1": "apse2-az3",
                            "zone_ids.2": "apse2-az2"
                        },
                        "meta": {},
                        "tainted": false
                    },
                    "deposed": [],
                    "provider": "provider.aws"
                },
                "data.aws_caller_identity.current": {
                    "type": "aws_caller_identity",
                    "depends_on": [],
                    "primary": {
                        "id": "2020-06-21 11:21:18.114459 +0000 UTC",
                        "attributes": {
                            "account_id": "823861797682",
                            "arn": "arn:aws:iam::823861797682:user/phillip.xu",
                            "id": "2020-06-21 11:21:18.114459 +0000 UTC",
                            "user_id": "AIDA37UP5MMZLFVA4HF6P"
                        },
                        "meta": {},
                        "tainted": false
                    },
                    "deposed": [],
                    "provider": "provider.aws"
                },
                "data.template_file.asg_user_data": {
                    "type": "template_file",
                    "depends_on": [],
                    "primary": {
                        "id": "77cd1c6039b987979e49873052a66d4b8f686a47cd2b50980f0697abd4107e83",
                        "attributes": {
                            "id": "77cd1c6039b987979e49873052a66d4b8f686a47cd2b50980f0697abd4107e83",
                            "rendered": "#!/bin/bash\ncat \u003c\u003c EOF_CONFIG \u003e /etc/asg/asg.config\nASG_CLUSTER=companyNews\nASG_ENABLE_TASK_IAM_ROLE=true\nASG_ENABLE_TASK_ENI=true\nASG_DISABLE_PRIVILEGED=false\nASG_AWSVPC_BLOCK_IMDS=false\nEOF_CONFIG\n",
                            "template": "#!/bin/bash\ncat \u003c\u003c EOF_CONFIG \u003e /etc/asg/asg.config\nASG_CLUSTER=companyNews\nASG_ENABLE_TASK_IAM_ROLE=true\nASG_ENABLE_TASK_ENI=true\nASG_DISABLE_PRIVILEGED=false\nASG_AWSVPC_BLOCK_IMDS=false\nEOF_CONFIG\n"
                        },
                        "meta": {},
                        "tainted": false
                    },
                    "deposed": [],
                    "provider": "provider.template"
                },
                "data.template_file.bastion_user_data": {
                    "type": "template_file",
                    "depends_on": [],
                    "primary": {
                        "id": "e6a1fac7168e08984a8831a0ee5e51f1824af6bde2f24eee1ac4a0adf20b8f05",
                        "attributes": {
                            "id": "e6a1fac7168e08984a8831a0ee5e51f1824af6bde2f24eee1ac4a0adf20b8f05",
                            "rendered": "#!/bin/bash\ncat \u003c\u003c EOF_CONFIG \u003e\u003e /etc/ssh/sshd_config\nAllowTcpForwarding yes\nEOF_CONFIG\n",
                            "template": "#!/bin/bash\ncat \u003c\u003c EOF_CONFIG \u003e\u003e /etc/ssh/sshd_config\nAllowTcpForwarding yes\nEOF_CONFIG\n"
                        },
                        "meta": {},
                        "tainted": false
                    },
                    "deposed": [],
                    "provider": "provider.template"
                }
            },
            "depends_on": []
        },
        {
            "path": [
                "root",
                "alb_sg"
            ],
            "outputs": {
                "this_security_group_description": {
                    "sensitive": false,
                    "type": "string",
                    "value": "Security Group managed by Terraform"
                },
                "this_security_group_id": {
                    "sensitive": false,
                    "type": "string",
                    "value": "sg-003ec550030f8d94d"
                },
                "this_security_group_name": {
                    "sensitive": false,
                    "type": "string",
                    "value": "companyNews-ALB-SG"
                },
                "this_security_group_owner_id": {
                    "sensitive": false,
                    "type": "string",
                    "value": "823861797682"
                },
                "this_security_group_vpc_id": {
                    "sensitive": false,
                    "type": "string",
                    "value": "vpc-009cb28ce2505d9ad"
                }
            },
            "resources": {
                "aws_security_group.this": {
                    "type": "aws_security_group",
                    "depends_on": [],
                    "primary": {
                        "id": "sg-003ec550030f8d94d",
                        "attributes": {
                            "arn": "arn:aws:ec2:ap-southeast-2:823861797682:security-group/sg-003ec550030f8d94d",
                            "description": "Security Group managed by Terraform",
                            "egress.#": "1",
                            "egress.2442053491.cidr_blocks.#": "1",
                            "egress.2442053491.cidr_blocks.0": "0.0.0.0/0",
                            "egress.2442053491.description": "all outbound",
                            "egress.2442053491.from_port": "0",
                            "egress.2442053491.ipv6_cidr_blocks.#": "0",
                            "egress.2442053491.prefix_list_ids.#": "0",
                            "egress.2442053491.protocol": "-1",
                            "egress.2442053491.security_groups.#": "0",
                            "egress.2442053491.self": "false",
                            "egress.2442053491.to_port": "0",
                            "id": "sg-003ec550030f8d94d",
                            "ingress.#": "2",
                            "ingress.1773881670.cidr_blocks.#": "1",
                            "ingress.1773881670.cidr_blocks.0": "0.0.0.0/0",
                            "ingress.1773881670.description": "http",
                            "ingress.1773881670.from_port": "80",
                            "ingress.1773881670.ipv6_cidr_blocks.#": "0",
                            "ingress.1773881670.prefix_list_ids.#": "0",
                            "ingress.1773881670.protocol": "tcp",
                            "ingress.1773881670.security_groups.#": "0",
                            "ingress.1773881670.self": "false",
                            "ingress.1773881670.to_port": "80",
                            "ingress.3956889494.cidr_blocks.#": "1",
                            "ingress.3956889494.cidr_blocks.0": "0.0.0.0/0",
                            "ingress.3956889494.description": "https",
                            "ingress.3956889494.from_port": "443",
                            "ingress.3956889494.ipv6_cidr_blocks.#": "0",
                            "ingress.3956889494.prefix_list_ids.#": "0",
                            "ingress.3956889494.protocol": "tcp",
                            "ingress.3956889494.security_groups.#": "0",
                            "ingress.3956889494.self": "false",
                            "ingress.3956889494.to_port": "443",
                            "name": "companyNews-ALB-SG",
                            "owner_id": "823861797682",
                            "revoke_rules_on_delete": "false",
                            "tags.%": "1",
                            "tags.Name": "companyNews-ALB-SG",
                            "vpc_id": "vpc-009cb28ce2505d9ad"
                        },
                        "meta": {
                            "e2bfb730-ecaa-11e6-8f88-34363bc7c4c0": {
                                "create": 600000000000,
                                "delete": 600000000000
                            },
                            "schema_version": "1"
                        },
                        "tainted": false
                    },
                    "deposed": [],
                    "provider": "provider.aws"
                },
                "aws_security_group_rule.egress_with_cidr_blocks": {
                    "type": "aws_security_group_rule",
                    "depends_on": [
                        "aws_security_group.this"
                    ],
                    "primary": {
                        "id": "sgrule-2482329545",
                        "attributes": {
                            "cidr_blocks.#": "1",
                            "cidr_blocks.0": "0.0.0.0/0",
                            "description": "all outbound",
                            "from_port": "0",
                            "id": "sgrule-2482329545",
                            "ipv6_cidr_blocks.#": "0",
                            "prefix_list_ids.#": "0",
                            "protocol": "-1",
                            "security_group_id": "sg-003ec550030f8d94d",
                            "self": "false",
                            "to_port": "0",
                            "type": "egress"
                        },
                        "meta": {
                            "schema_version": "2"
                        },
                        "tainted": false
                    },
                    "deposed": [],
                    "provider": "provider.aws"
                },
                "aws_security_group_rule.ingress_with_cidr_blocks.0": {
                    "type": "aws_security_group_rule",
                    "depends_on": [
                        "aws_security_group.this"
                    ],
                    "primary": {
                        "id": "sgrule-2879462004",
                        "attributes": {
                            "cidr_blocks.#": "1",
                            "cidr_blocks.0": "0.0.0.0/0",
                            "description": "http",
                            "from_port": "80",
                            "id": "sgrule-2879462004",
                            "ipv6_cidr_blocks.#": "0",
                            "prefix_list_ids.#": "0",
                            "protocol": "tcp",
                            "security_group_id": "sg-003ec550030f8d94d",
                            "self": "false",
                            "to_port": "80",
                            "type": "ingress"
                        },
                        "meta": {
                            "schema_version": "2"
                        },
                        "tainted": false
                    },
                    "deposed": [],
                    "provider": "provider.aws"
                },
                "aws_security_group_rule.ingress_with_cidr_blocks.1": {
                    "type": "aws_security_group_rule",
                    "depends_on": [
                        "aws_security_group.this"
                    ],
                    "primary": {
                        "id": "sgrule-269651163",
                        "attributes": {
                            "cidr_blocks.#": "1",
                            "cidr_blocks.0": "0.0.0.0/0",
                            "description": "https",
                            "from_port": "443",
                            "id": "sgrule-269651163",
                            "ipv6_cidr_blocks.#": "0",
                            "prefix_list_ids.#": "0",
                            "protocol": "tcp",
                            "security_group_id": "sg-003ec550030f8d94d",
                            "self": "false",
                            "to_port": "443",
                            "type": "ingress"
                        },
                        "meta": {
                            "schema_version": "2"
                        },
                        "tainted": false
                    },
                    "deposed": [],
                    "provider": "provider.aws"
                }
            },
            "depends_on": []
        },
        {
            "path": [
                "root",
                "vpc"
            ],
            "outputs": {
                "database_subnet_group": {
                    "sensitive": false,
                    "type": "string",
                    "value": ""
                },
                "database_subnets": {
                    "sensitive": false,
                    "type": "list",
                    "value": []
                },
                "database_subnets_cidr_blocks": {
                    "sensitive": false,
                    "type": "list",
                    "value": []
                },
                "default_network_acl_id": {
                    "sensitive": false,
                    "type": "string",
                    "value": "acl-0a0b6a5b357aaec97"
                },
                "default_route_table_id": {
                    "sensitive": false,
                    "type": "string",
                    "value": "rtb-0d8a79b1e0d01f3c5"
                },
                "default_security_group_id": {
                    "sensitive": false,
                    "type": "string",
                    "value": "sg-0496daa23b17dd951"
                },
                "default_vpc_cidr_block": {
                    "sensitive": false,
                    "type": "string",
                    "value": ""
                },
                "default_vpc_default_network_acl_id": {
                    "sensitive": false,
                    "type": "string",
                    "value": ""
                },
                "default_vpc_default_route_table_id": {
                    "sensitive": false,
                    "type": "string",
                    "value": ""
                },
                "default_vpc_default_security_group_id": {
                    "sensitive": false,
                    "type": "string",
                    "value": ""
                },
                "default_vpc_enable_dns_hostnames": {
                    "sensitive": false,
                    "type": "string",
                    "value": ""
                },
                "default_vpc_enable_dns_support": {
                    "sensitive": false,
                    "type": "string",
                    "value": ""
                },
                "default_vpc_id": {
                    "sensitive": false,
                    "type": "string",
                    "value": ""
                },
                "default_vpc_instance_tenancy": {
                    "sensitive": false,
                    "type": "string",
                    "value": ""
                },
                "default_vpc_main_route_table_id": {
                    "sensitive": false,
                    "type": "string",
                    "value": ""
                },
                "elasticache_subnet_group": {
                    "sensitive": false,
                    "type": "string",
                    "value": ""
                },
                "elasticache_subnet_group_name": {
                    "sensitive": false,
                    "type": "string",
                    "value": ""
                },
                "elasticache_subnets": {
                    "sensitive": false,
                    "type": "list",
                    "value": []
                },
                "elasticache_subnets_cidr_blocks": {
                    "sensitive": false,
                    "type": "list",
                    "value": []
                },
                "igw_id": {
                    "sensitive": false,
                    "type": "string",
                    "value": "igw-0e41b571ca2f5ea81"
                },
                "intra_route_table_ids": {
                    "sensitive": false,
                    "type": "list",
                    "value": []
                },
                "intra_subnets": {
                    "sensitive": false,
                    "type": "list",
                    "value": []
                },
                "intra_subnets_cidr_blocks": {
                    "sensitive": false,
                    "type": "list",
                    "value": []
                },
                "nat_ids": {
                    "sensitive": false,
                    "type": "list",
                    "value": [
                        "eipalloc-0a8cdcfb09e6c8564",
                        "eipalloc-05493d103131e3ba3",
                        "eipalloc-0aebd04dc6b3c3504"
                    ]
                },
                "nat_public_ips": {
                    "sensitive": false,
                    "type": "list",
                    "value": [
                        "3.25.31.125",
                        "52.65.64.125",
                        "54.66.229.170"
                    ]
                },
                "natgw_ids": {
                    "sensitive": false,
                    "type": "list",
                    "value": [
                        "nat-05884bfb4b5f761e2",
                        "nat-0366e9cfee99e83c7",
                        "nat-0d75ee27dca2f4f8d"
                    ]
                },
                "private_route_table_ids": {
                    "sensitive": false,
                    "type": "list",
                    "value": [
                        "rtb-018ff04a91e206aab",
                        "rtb-009ffa890bd013538",
                        "rtb-0ccdf335943d3056a"
                    ]
                },
                "private_subnets": {
                    "sensitive": false,
                    "type": "list",
                    "value": [
                        "subnet-01ec311c4b1ccf7ea",
                        "subnet-0ea794cb8594f2ed5",
                        "subnet-09638a32201337809"
                    ]
                },
                "private_subnets_cidr_blocks": {
                    "sensitive": false,
                    "type": "list",
                    "value": [
                        "10.0.1.0/24",
                        "10.0.2.0/24",
                        "10.0.3.0/24"
                    ]
                },
                "public_route_table_ids": {
                    "sensitive": false,
                    "type": "list",
                    "value": [
                        "rtb-01e2c1a359602dcb7"
                    ]
                },
                "public_subnets": {
                    "sensitive": false,
                    "type": "list",
                    "value": [
                        "subnet-049dd18129ee57800",
                        "subnet-020566c4e8116f25e",
                        "subnet-0182bfc74c08f09ea"
                    ]
                },
                "public_subnets_cidr_blocks": {
                    "sensitive": false,
                    "type": "list",
                    "value": [
                        "10.0.101.0/24",
                        "10.0.102.0/24",
                        "10.0.103.0/24"
                    ]
                },
                "redshift_subnet_group": {
                    "sensitive": false,
                    "type": "string",
                    "value": ""
                },
                "redshift_subnets": {
                    "sensitive": false,
                    "type": "list",
                    "value": []
                },
                "redshift_subnets_cidr_blocks": {
                    "sensitive": false,
                    "type": "list",
                    "value": []
                },
                "vgw_id": {
                    "sensitive": false,
                    "type": "string",
                    "value": ""
                },
                "vpc_cidr_block": {
                    "sensitive": false,
                    "type": "string",
                    "value": "10.0.0.0/16"
                },
                "vpc_enable_dns_hostnames": {
                    "sensitive": false,
                    "type": "string",
                    "value": "true"
                },
                "vpc_enable_dns_support": {
                    "sensitive": false,
                    "type": "string",
                    "value": "true"
                },
                "vpc_endpoint_dynamodb_id": {
                    "sensitive": false,
                    "type": "string",
                    "value": ""
                },
                "vpc_endpoint_dynamodb_pl_id": {
                    "sensitive": false,
                    "type": "string",
                    "value": ""
                },
                "vpc_endpoint_s3_id": {
                    "sensitive": false,
                    "type": "string",
                    "value": ""
                },
                "vpc_endpoint_s3_pl_id": {
                    "sensitive": false,
                    "type": "string",
                    "value": ""
                },
                "vpc_id": {
                    "sensitive": false,
                    "type": "string",
                    "value": "vpc-009cb28ce2505d9ad"
                },
                "vpc_instance_tenancy": {
                    "sensitive": false,
                    "type": "string",
                    "value": "default"
                },
                "vpc_main_route_table_id": {
                    "sensitive": false,
                    "type": "string",
                    "value": "rtb-0d8a79b1e0d01f3c5"
                }
            },
            "resources": {
                "aws_eip.nat.0": {
                    "type": "aws_eip",
                    "depends_on": [
                        "local.nat_gateway_count"
                    ],
                    "primary": {
                        "id": "eipalloc-0a8cdcfb09e6c8564",
                        "attributes": {
                            "association_id": "eipassoc-088e27540f69cb35f",
                            "customer_owned_ip": "",
                            "customer_owned_ipv4_pool": "",
                            "domain": "vpc",
                            "id": "eipalloc-0a8cdcfb09e6c8564",
                            "instance": "",
                            "network_interface": "eni-0e60a25b72cac57ff",
                            "private_dns": "ip-10-0-101-87.ap-southeast-2.compute.internal",
                            "private_ip": "10.0.101.87",
                            "public_dns": "ec2-3-25-31-125.ap-southeast-2.compute.amazonaws.com",
                            "public_ip": "3.25.31.125",
                            "public_ipv4_pool": "amazon",
                            "tags.%": "3",
                            "tags.Environment": "dev",
                            "tags.Name": "companyNews VPC-ap-southeast-2a",
                            "tags.Terraform": "true",
                            "vpc": "true"
                        },
                        "meta": {
                            "e2bfb730-ecaa-11e6-8f88-34363bc7c4c0": {
                                "delete": 180000000000,
                                "read": 900000000000,
                                "update": 300000000000
                            }
                        },
                        "tainted": false
                    },
                    "deposed": [],
                    "provider": "provider.aws"
                },
                "aws_eip.nat.1": {
                    "type": "aws_eip",
                    "depends_on": [
                        "local.nat_gateway_count"
                    ],
                    "primary": {
                        "id": "eipalloc-05493d103131e3ba3",
                        "attributes": {
                            "association_id": "eipassoc-03738103c23963c6d",
                            "customer_owned_ip": "",
                            "customer_owned_ipv4_pool": "",
                            "domain": "vpc",
                            "id": "eipalloc-05493d103131e3ba3",
                            "instance": "",
                            "network_interface": "eni-02b9e61442f7bdd6b",
                            "private_dns": "ip-10-0-102-196.ap-southeast-2.compute.internal",
                            "private_ip": "10.0.102.196",
                            "public_dns": "ec2-52-65-64-125.ap-southeast-2.compute.amazonaws.com",
                            "public_ip": "52.65.64.125",
                            "public_ipv4_pool": "amazon",
                            "tags.%": "3",
                            "tags.Environment": "dev",
                            "tags.Name": "companyNews VPC-ap-southeast-2b",
                            "tags.Terraform": "true",
                            "vpc": "true"
                        },
                        "meta": {
                            "e2bfb730-ecaa-11e6-8f88-34363bc7c4c0": {
                                "delete": 180000000000,
                                "read": 900000000000,
                                "update": 300000000000
                            }
                        },
                        "tainted": false
                    },
                    "deposed": [],
                    "provider": "provider.aws"
                },
                "aws_eip.nat.2": {
                    "type": "aws_eip",
                    "depends_on": [
                        "local.nat_gateway_count"
                    ],
                    "primary": {
                        "id": "eipalloc-0aebd04dc6b3c3504",
                        "attributes": {
                            "association_id": "eipassoc-04ffd42c2ac04654d",
                            "customer_owned_ip": "",
                            "customer_owned_ipv4_pool": "",
                            "domain": "vpc",
                            "id": "eipalloc-0aebd04dc6b3c3504",
                            "instance": "",
                            "network_interface": "eni-0d3165dae6989fc89",
                            "private_dns": "ip-10-0-103-185.ap-southeast-2.compute.internal",
                            "private_ip": "10.0.103.185",
                            "public_dns": "ec2-54-66-229-170.ap-southeast-2.compute.amazonaws.com",
                            "public_ip": "54.66.229.170",
                            "public_ipv4_pool": "amazon",
                            "tags.%": "3",
                            "tags.Environment": "dev",
                            "tags.Name": "companyNews VPC-ap-southeast-2c",
                            "tags.Terraform": "true",
                            "vpc": "true"
                        },
                        "meta": {
                            "e2bfb730-ecaa-11e6-8f88-34363bc7c4c0": {
                                "delete": 180000000000,
                                "read": 900000000000,
                                "update": 300000000000
                            }
                        },
                        "tainted": false
                    },
                    "deposed": [],
                    "provider": "provider.aws"
                },
                "aws_internet_gateway.this": {
                    "type": "aws_internet_gateway",
                    "depends_on": [
                        "aws_vpc.this"
                    ],
                    "primary": {
                        "id": "igw-0e41b571ca2f5ea81",
                        "attributes": {
                            "arn": "arn:aws:ec2:ap-southeast-2:823861797682:internet-gateway/igw-0e41b571ca2f5ea81",
                            "id": "igw-0e41b571ca2f5ea81",
                            "owner_id": "823861797682",
                            "tags.%": "3",
                            "tags.Environment": "dev",
                            "tags.Name": "companyNews VPC",
                            "tags.Terraform": "true",
                            "vpc_id": "vpc-009cb28ce2505d9ad"
                        },
                        "meta": {},
                        "tainted": false
                    },
                    "deposed": [],
                    "provider": "provider.aws"
                },
                "aws_nat_gateway.this.0": {
                    "type": "aws_nat_gateway",
                    "depends_on": [
                        "aws_internet_gateway.this",
                        "aws_subnet.public.*",
                        "local.nat_gateway_count",
                        "local.nat_gateway_ips"
                    ],
                    "primary": {
                        "id": "nat-05884bfb4b5f761e2",
                        "attributes": {
                            "allocation_id": "eipalloc-0a8cdcfb09e6c8564",
                            "id": "nat-05884bfb4b5f761e2",
                            "network_interface_id": "eni-0e60a25b72cac57ff",
                            "private_ip": "10.0.101.87",
                            "public_ip": "3.25.31.125",
                            "subnet_id": "subnet-049dd18129ee57800",
                            "tags.%": "3",
                            "tags.Environment": "dev",
                            "tags.Name": "companyNews VPC-ap-southeast-2a",
                            "tags.Terraform": "true"
                        },
                        "meta": {},
                        "tainted": false
                    },
                    "deposed": [],
                    "provider": "provider.aws"
                },
                "aws_nat_gateway.this.1": {
                    "type": "aws_nat_gateway",
                    "depends_on": [
                        "aws_internet_gateway.this",
                        "aws_subnet.public.*",
                        "local.nat_gateway_count",
                        "local.nat_gateway_ips"
                    ],
                    "primary": {
                        "id": "nat-0366e9cfee99e83c7",
                        "attributes": {
                            "allocation_id": "eipalloc-05493d103131e3ba3",
                            "id": "nat-0366e9cfee99e83c7",
                            "network_interface_id": "eni-02b9e61442f7bdd6b",
                            "private_ip": "10.0.102.196",
                            "public_ip": "52.65.64.125",
                            "subnet_id": "subnet-020566c4e8116f25e",
                            "tags.%": "3",
                            "tags.Environment": "dev",
                            "tags.Name": "companyNews VPC-ap-southeast-2b",
                            "tags.Terraform": "true"
                        },
                        "meta": {},
                        "tainted": false
                    },
                    "deposed": [],
                    "provider": "provider.aws"
                },
                "aws_nat_gateway.this.2": {
                    "type": "aws_nat_gateway",
                    "depends_on": [
                        "aws_internet_gateway.this",
                        "aws_subnet.public.*",
                        "local.nat_gateway_count",
                        "local.nat_gateway_ips"
                    ],
                    "primary": {
                        "id": "nat-0d75ee27dca2f4f8d",
                        "attributes": {
                            "allocation_id": "eipalloc-0aebd04dc6b3c3504",
                            "id": "nat-0d75ee27dca2f4f8d",
                            "network_interface_id": "eni-0d3165dae6989fc89",
                            "private_ip": "10.0.103.185",
                            "public_ip": "54.66.229.170",
                            "subnet_id": "subnet-0182bfc74c08f09ea",
                            "tags.%": "3",
                            "tags.Environment": "dev",
                            "tags.Name": "companyNews VPC-ap-southeast-2c",
                            "tags.Terraform": "true"
                        },
                        "meta": {},
                        "tainted": false
                    },
                    "deposed": [],
                    "provider": "provider.aws"
                },
                "aws_route.private_nat_gateway.0": {
                    "type": "aws_route",
                    "depends_on": [
                        "aws_nat_gateway.this.*",
                        "aws_route_table.private.*",
                        "local.nat_gateway_count"
                    ],
                    "primary": {
                        "id": "r-rtb-018ff04a91e206aab1080289494",
                        "attributes": {
                            "destination_cidr_block": "0.0.0.0/0",
                            "destination_prefix_list_id": "",
                            "egress_only_gateway_id": "",
                            "gateway_id": "",
                            "id": "r-rtb-018ff04a91e206aab1080289494",
                            "instance_id": "",
                            "instance_owner_id": "",
                            "nat_gateway_id": "nat-05884bfb4b5f761e2",
                            "network_interface_id": "",
                            "origin": "CreateRoute",
                            "route_table_id": "rtb-018ff04a91e206aab",
                            "state": "active",
                            "transit_gateway_id": "",
                            "vpc_peering_connection_id": ""
                        },
                        "meta": {
                            "e2bfb730-ecaa-11e6-8f88-34363bc7c4c0": {
                                "create": 300000000000,
                                "delete": 300000000000
                            }
                        },
                        "tainted": false
                    },
                    "deposed": [],
                    "provider": "provider.aws"
                },
                "aws_route.private_nat_gateway.1": {
                    "type": "aws_route",
                    "depends_on": [
                        "aws_nat_gateway.this.*",
                        "aws_route_table.private.*",
                        "local.nat_gateway_count"
                    ],
                    "primary": {
                        "id": "r-rtb-009ffa890bd0135381080289494",
                        "attributes": {
                            "destination_cidr_block": "0.0.0.0/0",
                            "destination_prefix_list_id": "",
                            "egress_only_gateway_id": "",
                            "gateway_id": "",
                            "id": "r-rtb-009ffa890bd0135381080289494",
                            "instance_id": "",
                            "instance_owner_id": "",
                            "nat_gateway_id": "nat-0366e9cfee99e83c7",
                            "network_interface_id": "",
                            "origin": "CreateRoute",
                            "route_table_id": "rtb-009ffa890bd013538",
                            "state": "active",
                            "transit_gateway_id": "",
                            "vpc_peering_connection_id": ""
                        },
                        "meta": {
                            "e2bfb730-ecaa-11e6-8f88-34363bc7c4c0": {
                                "create": 300000000000,
                                "delete": 300000000000
                            }
                        },
                        "tainted": false
                    },
                    "deposed": [],
                    "provider": "provider.aws"
                },
                "aws_route.private_nat_gateway.2": {
                    "type": "aws_route",
                    "depends_on": [
                        "aws_nat_gateway.this.*",
                        "aws_route_table.private.*",
                        "local.nat_gateway_count"
                    ],
                    "primary": {
                        "id": "r-rtb-0ccdf335943d3056a1080289494",
                        "attributes": {
                            "destination_cidr_block": "0.0.0.0/0",
                            "destination_prefix_list_id": "",
                            "egress_only_gateway_id": "",
                            "gateway_id": "",
                            "id": "r-rtb-0ccdf335943d3056a1080289494",
                            "instance_id": "",
                            "instance_owner_id": "",
                            "nat_gateway_id": "nat-0d75ee27dca2f4f8d",
                            "network_interface_id": "",
                            "origin": "CreateRoute",
                            "route_table_id": "rtb-0ccdf335943d3056a",
                            "state": "active",
                            "transit_gateway_id": "",
                            "vpc_peering_connection_id": ""
                        },
                        "meta": {
                            "e2bfb730-ecaa-11e6-8f88-34363bc7c4c0": {
                                "create": 300000000000,
                                "delete": 300000000000
                            }
                        },
                        "tainted": false
                    },
                    "deposed": [],
                    "provider": "provider.aws"
                },
                "aws_route.public_internet_gateway": {
                    "type": "aws_route",
                    "depends_on": [
                        "aws_internet_gateway.this",
                        "aws_route_table.public"
                    ],
                    "primary": {
                        "id": "r-rtb-01e2c1a359602dcb71080289494",
                        "attributes": {
                            "destination_cidr_block": "0.0.0.0/0",
                            "destination_prefix_list_id": "",
                            "egress_only_gateway_id": "",
                            "gateway_id": "igw-0e41b571ca2f5ea81",
                            "id": "r-rtb-01e2c1a359602dcb71080289494",
                            "instance_id": "",
                            "instance_owner_id": "",
                            "nat_gateway_id": "",
                            "network_interface_id": "",
                            "origin": "CreateRoute",
                            "route_table_id": "rtb-01e2c1a359602dcb7",
                            "state": "active",
                            "transit_gateway_id": "",
                            "vpc_peering_connection_id": ""
                        },
                        "meta": {
                            "e2bfb730-ecaa-11e6-8f88-34363bc7c4c0": {
                                "create": 300000000000,
                                "delete": 300000000000
                            }
                        },
                        "tainted": false
                    },
                    "deposed": [],
                    "provider": "provider.aws"
                },
                "aws_route_table.private.0": {
                    "type": "aws_route_table",
                    "depends_on": [
                        "aws_vpc.this",
                        "local.max_subnet_length",
                        "local.nat_gateway_count"
                    ],
                    "primary": {
                        "id": "rtb-018ff04a91e206aab",
                        "attributes": {
                            "id": "rtb-018ff04a91e206aab",
                            "owner_id": "823861797682",
                            "propagating_vgws.#": "0",
                            "route.#": "1",
                            "route.2663249638.cidr_block": "0.0.0.0/0",
                            "route.2663249638.egress_only_gateway_id": "",
                            "route.2663249638.gateway_id": "",
                            "route.2663249638.instance_id": "",
                            "route.2663249638.ipv6_cidr_block": "",
                            "route.2663249638.nat_gateway_id": "nat-05884bfb4b5f761e2",
                            "route.2663249638.network_interface_id": "",
                            "route.2663249638.transit_gateway_id": "",
                            "route.2663249638.vpc_peering_connection_id": "",
                            "tags.%": "3",
                            "tags.Environment": "dev",
                            "tags.Name": "companyNews VPC-private-ap-southeast-2a",
                            "tags.Terraform": "true",
                            "vpc_id": "vpc-009cb28ce2505d9ad"
                        },
                        "meta": {},
                        "tainted": false
                    },
                    "deposed": [],
                    "provider": "provider.aws"
                },
                "aws_route_table.private.1": {
                    "type": "aws_route_table",
                    "depends_on": [
                        "aws_vpc.this",
                        "local.max_subnet_length",
                        "local.nat_gateway_count"
                    ],
                    "primary": {
                        "id": "rtb-009ffa890bd013538",
                        "attributes": {
                            "id": "rtb-009ffa890bd013538",
                            "owner_id": "823861797682",
                            "propagating_vgws.#": "0",
                            "route.#": "1",
                            "route.3227501648.cidr_block": "0.0.0.0/0",
                            "route.3227501648.egress_only_gateway_id": "",
                            "route.3227501648.gateway_id": "",
                            "route.3227501648.instance_id": "",
                            "route.3227501648.ipv6_cidr_block": "",
                            "route.3227501648.nat_gateway_id": "nat-0366e9cfee99e83c7",
                            "route.3227501648.network_interface_id": "",
                            "route.3227501648.transit_gateway_id": "",
                            "route.3227501648.vpc_peering_connection_id": "",
                            "tags.%": "3",
                            "tags.Environment": "dev",
                            "tags.Name": "companyNews VPC-private-ap-southeast-2b",
                            "tags.Terraform": "true",
                            "vpc_id": "vpc-009cb28ce2505d9ad"
                        },
                        "meta": {},
                        "tainted": false
                    },
                    "deposed": [],
                    "provider": "provider.aws"
                },
                "aws_route_table.private.2": {
                    "type": "aws_route_table",
                    "depends_on": [
                        "aws_vpc.this",
                        "local.max_subnet_length",
                        "local.nat_gateway_count"
                    ],
                    "primary": {
                        "id": "rtb-0ccdf335943d3056a",
                        "attributes": {
                            "id": "rtb-0ccdf335943d3056a",
                            "owner_id": "823861797682",
                            "propagating_vgws.#": "0",
                            "route.#": "1",
                            "route.626991889.cidr_block": "0.0.0.0/0",
                            "route.626991889.egress_only_gateway_id": "",
                            "route.626991889.gateway_id": "",
                            "route.626991889.instance_id": "",
                            "route.626991889.ipv6_cidr_block": "",
                            "route.626991889.nat_gateway_id": "nat-0d75ee27dca2f4f8d",
                            "route.626991889.network_interface_id": "",
                            "route.626991889.transit_gateway_id": "",
                            "route.626991889.vpc_peering_connection_id": "",
                            "tags.%": "3",
                            "tags.Environment": "dev",
                            "tags.Name": "companyNews VPC-private-ap-southeast-2c",
                            "tags.Terraform": "true",
                            "vpc_id": "vpc-009cb28ce2505d9ad"
                        },
                        "meta": {},
                        "tainted": false
                    },
                    "deposed": [],
                    "provider": "provider.aws"
                },
                "aws_route_table.public": {
                    "type": "aws_route_table",
                    "depends_on": [
                        "aws_vpc.this"
                    ],
                    "primary": {
                        "id": "rtb-01e2c1a359602dcb7",
                        "attributes": {
                            "id": "rtb-01e2c1a359602dcb7",
                            "owner_id": "823861797682",
                            "propagating_vgws.#": "0",
                            "route.#": "1",
                            "route.229481749.cidr_block": "0.0.0.0/0",
                            "route.229481749.egress_only_gateway_id": "",
                            "route.229481749.gateway_id": "igw-0e41b571ca2f5ea81",
                            "route.229481749.instance_id": "",
                            "route.229481749.ipv6_cidr_block": "",
                            "route.229481749.nat_gateway_id": "",
                            "route.229481749.network_interface_id": "",
                            "route.229481749.transit_gateway_id": "",
                            "route.229481749.vpc_peering_connection_id": "",
                            "tags.%": "3",
                            "tags.Environment": "dev",
                            "tags.Name": "companyNews VPC-public",
                            "tags.Terraform": "true",
                            "vpc_id": "vpc-009cb28ce2505d9ad"
                        },
                        "meta": {},
                        "tainted": false
                    },
                    "deposed": [],
                    "provider": "provider.aws"
                },
                "aws_route_table_association.private.0": {
                    "type": "aws_route_table_association",
                    "depends_on": [
                        "aws_route_table.private.*",
                        "aws_subnet.private.*"
                    ],
                    "primary": {
                        "id": "rtbassoc-006842e5fb35dfb96",
                        "attributes": {
                            "id": "rtbassoc-006842e5fb35dfb96",
                            "route_table_id": "rtb-018ff04a91e206aab",
                            "subnet_id": "subnet-01ec311c4b1ccf7ea"
                        },
                        "meta": {},
                        "tainted": false
                    },
                    "deposed": [],
                    "provider": "provider.aws"
                },
                "aws_route_table_association.private.1": {
                    "type": "aws_route_table_association",
                    "depends_on": [
                        "aws_route_table.private.*",
                        "aws_subnet.private.*"
                    ],
                    "primary": {
                        "id": "rtbassoc-0c9ff6b0b5d5d008d",
                        "attributes": {
                            "id": "rtbassoc-0c9ff6b0b5d5d008d",
                            "route_table_id": "rtb-009ffa890bd013538",
                            "subnet_id": "subnet-0ea794cb8594f2ed5"
                        },
                        "meta": {},
                        "tainted": false
                    },
                    "deposed": [],
                    "provider": "provider.aws"
                },
                "aws_route_table_association.private.2": {
                    "type": "aws_route_table_association",
                    "depends_on": [
                        "aws_route_table.private.*",
                        "aws_subnet.private.*"
                    ],
                    "primary": {
                        "id": "rtbassoc-045399ca62d11d75a",
                        "attributes": {
                            "id": "rtbassoc-045399ca62d11d75a",
                            "route_table_id": "rtb-0ccdf335943d3056a",
                            "subnet_id": "subnet-09638a32201337809"
                        },
                        "meta": {},
                        "tainted": false
                    },
                    "deposed": [],
                    "provider": "provider.aws"
                },
                "aws_route_table_association.public.0": {
                    "type": "aws_route_table_association",
                    "depends_on": [
                        "aws_route_table.public",
                        "aws_subnet.public.*"
                    ],
                    "primary": {
                        "id": "rtbassoc-045654eea09bd451b",
                        "attributes": {
                            "id": "rtbassoc-045654eea09bd451b",
                            "route_table_id": "rtb-01e2c1a359602dcb7",
                            "subnet_id": "subnet-049dd18129ee57800"
                        },
                        "meta": {},
                        "tainted": false
                    },
                    "deposed": [],
                    "provider": "provider.aws"
                },
                "aws_route_table_association.public.1": {
                    "type": "aws_route_table_association",
                    "depends_on": [
                        "aws_route_table.public",
                        "aws_subnet.public.*"
                    ],
                    "primary": {
                        "id": "rtbassoc-0c6e952d910d75f6e",
                        "attributes": {
                            "id": "rtbassoc-0c6e952d910d75f6e",
                            "route_table_id": "rtb-01e2c1a359602dcb7",
                            "subnet_id": "subnet-020566c4e8116f25e"
                        },
                        "meta": {},
                        "tainted": false
                    },
                    "deposed": [],
                    "provider": "provider.aws"
                },
                "aws_route_table_association.public.2": {
                    "type": "aws_route_table_association",
                    "depends_on": [
                        "aws_route_table.public",
                        "aws_subnet.public.*"
                    ],
                    "primary": {
                        "id": "rtbassoc-085d7afe6fe86d9a4",
                        "attributes": {
                            "id": "rtbassoc-085d7afe6fe86d9a4",
                            "route_table_id": "rtb-01e2c1a359602dcb7",
                            "subnet_id": "subnet-0182bfc74c08f09ea"
                        },
                        "meta": {},
                        "tainted": false
                    },
                    "deposed": [],
                    "provider": "provider.aws"
                },
                "aws_subnet.private.0": {
                    "type": "aws_subnet",
                    "depends_on": [
                        "aws_vpc.this"
                    ],
                    "primary": {
                        "id": "subnet-01ec311c4b1ccf7ea",
                        "attributes": {
                            "arn": "arn:aws:ec2:ap-southeast-2:823861797682:subnet/subnet-01ec311c4b1ccf7ea",
                            "assign_ipv6_address_on_creation": "false",
                            "availability_zone": "ap-southeast-2a",
                            "availability_zone_id": "apse2-az1",
                            "cidr_block": "10.0.1.0/24",
                            "id": "subnet-01ec311c4b1ccf7ea",
                            "ipv6_cidr_block": "",
                            "ipv6_cidr_block_association_id": "",
                            "map_public_ip_on_launch": "false",
                            "outpost_arn": "",
                            "owner_id": "823861797682",
                            "tags.%": "3",
                            "tags.Environment": "dev",
                            "tags.Name": "companyNews VPC-private-ap-southeast-2a",
                            "tags.Terraform": "true",
                            "vpc_id": "vpc-009cb28ce2505d9ad"
                        },
                        "meta": {
                            "e2bfb730-ecaa-11e6-8f88-34363bc7c4c0": {
                                "create": 600000000000,
                                "delete": 1200000000000
                            },
                            "schema_version": "1"
                        },
                        "tainted": false
                    },
                    "deposed": [],
                    "provider": "provider.aws"
                },
                "aws_subnet.private.1": {
                    "type": "aws_subnet",
                    "depends_on": [
                        "aws_vpc.this"
                    ],
                    "primary": {
                        "id": "subnet-0ea794cb8594f2ed5",
                        "attributes": {
                            "arn": "arn:aws:ec2:ap-southeast-2:823861797682:subnet/subnet-0ea794cb8594f2ed5",
                            "assign_ipv6_address_on_creation": "false",
                            "availability_zone": "ap-southeast-2b",
                            "availability_zone_id": "apse2-az3",
                            "cidr_block": "10.0.2.0/24",
                            "id": "subnet-0ea794cb8594f2ed5",
                            "ipv6_cidr_block": "",
                            "ipv6_cidr_block_association_id": "",
                            "map_public_ip_on_launch": "false",
                            "outpost_arn": "",
                            "owner_id": "823861797682",
                            "tags.%": "3",
                            "tags.Environment": "dev",
                            "tags.Name": "companyNews VPC-private-ap-southeast-2b",
                            "tags.Terraform": "true",
                            "vpc_id": "vpc-009cb28ce2505d9ad"
                        },
                        "meta": {
                            "e2bfb730-ecaa-11e6-8f88-34363bc7c4c0": {
                                "create": 600000000000,
                                "delete": 1200000000000
                            },
                            "schema_version": "1"
                        },
                        "tainted": false
                    },
                    "deposed": [],
                    "provider": "provider.aws"
                },
                "aws_subnet.private.2": {
                    "type": "aws_subnet",
                    "depends_on": [
                        "aws_vpc.this"
                    ],
                    "primary": {
                        "id": "subnet-09638a32201337809",
                        "attributes": {
                            "arn": "arn:aws:ec2:ap-southeast-2:823861797682:subnet/subnet-09638a32201337809",
                            "assign_ipv6_address_on_creation": "false",
                            "availability_zone": "ap-southeast-2c",
                            "availability_zone_id": "apse2-az2",
                            "cidr_block": "10.0.3.0/24",
                            "id": "subnet-09638a32201337809",
                            "ipv6_cidr_block": "",
                            "ipv6_cidr_block_association_id": "",
                            "map_public_ip_on_launch": "false",
                            "outpost_arn": "",
                            "owner_id": "823861797682",
                            "tags.%": "3",
                            "tags.Environment": "dev",
                            "tags.Name": "companyNews VPC-private-ap-southeast-2c",
                            "tags.Terraform": "true",
                            "vpc_id": "vpc-009cb28ce2505d9ad"
                        },
                        "meta": {
                            "e2bfb730-ecaa-11e6-8f88-34363bc7c4c0": {
                                "create": 600000000000,
                                "delete": 1200000000000
                            },
                            "schema_version": "1"
                        },
                        "tainted": false
                    },
                    "deposed": [],
                    "provider": "provider.aws"
                },
                "aws_subnet.public.0": {
                    "type": "aws_subnet",
                    "depends_on": [
                        "aws_vpc.this"
                    ],
                    "primary": {
                        "id": "subnet-049dd18129ee57800",
                        "attributes": {
                            "arn": "arn:aws:ec2:ap-southeast-2:823861797682:subnet/subnet-049dd18129ee57800",
                            "assign_ipv6_address_on_creation": "false",
                            "availability_zone": "ap-southeast-2a",
                            "availability_zone_id": "apse2-az1",
                            "cidr_block": "10.0.101.0/24",
                            "id": "subnet-049dd18129ee57800",
                            "ipv6_cidr_block": "",
                            "ipv6_cidr_block_association_id": "",
                            "map_public_ip_on_launch": "false",
                            "outpost_arn": "",
                            "owner_id": "823861797682",
                            "tags.%": "3",
                            "tags.Environment": "dev",
                            "tags.Name": "companyNews VPC-public-ap-southeast-2a",
                            "tags.Terraform": "true",
                            "vpc_id": "vpc-009cb28ce2505d9ad"
                        },
                        "meta": {
                            "e2bfb730-ecaa-11e6-8f88-34363bc7c4c0": {
                                "create": 600000000000,
                                "delete": 1200000000000
                            },
                            "schema_version": "1"
                        },
                        "tainted": false
                    },
                    "deposed": [],
                    "provider": "provider.aws"
                },
                "aws_subnet.public.1": {
                    "type": "aws_subnet",
                    "depends_on": [
                        "aws_vpc.this"
                    ],
                    "primary": {
                        "id": "subnet-020566c4e8116f25e",
                        "attributes": {
                            "arn": "arn:aws:ec2:ap-southeast-2:823861797682:subnet/subnet-020566c4e8116f25e",
                            "assign_ipv6_address_on_creation": "false",
                            "availability_zone": "ap-southeast-2b",
                            "availability_zone_id": "apse2-az3",
                            "cidr_block": "10.0.102.0/24",
                            "id": "subnet-020566c4e8116f25e",
                            "ipv6_cidr_block": "",
                            "ipv6_cidr_block_association_id": "",
                            "map_public_ip_on_launch": "false",
                            "outpost_arn": "",
                            "owner_id": "823861797682",
                            "tags.%": "3",
                            "tags.Environment": "dev",
                            "tags.Name": "companyNews VPC-public-ap-southeast-2b",
                            "tags.Terraform": "true",
                            "vpc_id": "vpc-009cb28ce2505d9ad"
                        },
                        "meta": {
                            "e2bfb730-ecaa-11e6-8f88-34363bc7c4c0": {
                                "create": 600000000000,
                                "delete": 1200000000000
                            },
                            "schema_version": "1"
                        },
                        "tainted": false
                    },
                    "deposed": [],
                    "provider": "provider.aws"
                },
                "aws_subnet.public.2": {
                    "type": "aws_subnet",
                    "depends_on": [
                        "aws_vpc.this"
                    ],
                    "primary": {
                        "id": "subnet-0182bfc74c08f09ea",
                        "attributes": {
                            "arn": "arn:aws:ec2:ap-southeast-2:823861797682:subnet/subnet-0182bfc74c08f09ea",
                            "assign_ipv6_address_on_creation": "false",
                            "availability_zone": "ap-southeast-2c",
                            "availability_zone_id": "apse2-az2",
                            "cidr_block": "10.0.103.0/24",
                            "id": "subnet-0182bfc74c08f09ea",
                            "ipv6_cidr_block": "",
                            "ipv6_cidr_block_association_id": "",
                            "map_public_ip_on_launch": "false",
                            "outpost_arn": "",
                            "owner_id": "823861797682",
                            "tags.%": "3",
                            "tags.Environment": "dev",
                            "tags.Name": "companyNews VPC-public-ap-southeast-2c",
                            "tags.Terraform": "true",
                            "vpc_id": "vpc-009cb28ce2505d9ad"
                        },
                        "meta": {
                            "e2bfb730-ecaa-11e6-8f88-34363bc7c4c0": {
                                "create": 600000000000,
                                "delete": 1200000000000
                            },
                            "schema_version": "1"
                        },
                        "tainted": false
                    },
                    "deposed": [],
                    "provider": "provider.aws"
                },
                "aws_vpc.this": {
                    "type": "aws_vpc",
                    "depends_on": [],
                    "primary": {
                        "id": "vpc-009cb28ce2505d9ad",
                        "attributes": {
                            "arn": "arn:aws:ec2:ap-southeast-2:823861797682:vpc/vpc-009cb28ce2505d9ad",
                            "assign_generated_ipv6_cidr_block": "false",
                            "cidr_block": "10.0.0.0/16",
                            "default_network_acl_id": "acl-0a0b6a5b357aaec97",
                            "default_route_table_id": "rtb-0d8a79b1e0d01f3c5",
                            "default_security_group_id": "sg-0496daa23b17dd951",
                            "dhcp_options_id": "dopt-bbc3e8dc",
                            "enable_classiclink": "false",
                            "enable_classiclink_dns_support": "false",
                            "enable_dns_hostnames": "true",
                            "enable_dns_support": "true",
                            "id": "vpc-009cb28ce2505d9ad",
                            "instance_tenancy": "default",
                            "ipv6_association_id": "",
                            "ipv6_cidr_block": "",
                            "main_route_table_id": "rtb-0d8a79b1e0d01f3c5",
                            "owner_id": "823861797682",
                            "tags.%": "3",
                            "tags.Environment": "dev",
                            "tags.Name": "companyNews VPC",
                            "tags.Terraform": "true"
                        },
                        "meta": {
                            "schema_version": "1"
                        },
                        "tainted": false
                    },
                    "deposed": [],
                    "provider": "provider.aws"
                }
            },
            "depends_on": []
        }
    ]
}
